// !$*UTF8*$!
{
	archiveVersion = 1;
	classes = {
	};
	objectVersion = 46;
	objects = {

/* Begin PBXBuildFile section */
		3A5AFBBD50A2D49F933420F9 /* Pods_TripDashboard.framework in Frameworks */ = {isa = PBXBuildFile; fileRef = 8B6DBEB674B16543D8896C47 /* Pods_TripDashboard.framework */; };
		E85246CC1F2A64B400F744F9 /* LoginViewController.swift in Sources */ = {isa = PBXBuildFile; fileRef = E85246CB1F2A64B400F744F9 /* LoginViewController.swift */; };
		E85246CE1F2A843C00F744F9 /* MainNavController.swift in Sources */ = {isa = PBXBuildFile; fileRef = E85246CD1F2A843C00F744F9 /* MainNavController.swift */; };
		E8E0620C1F1FACC9003A9F7F /* ContactsNavBarViewController.swift in Sources */ = {isa = PBXBuildFile; fileRef = E8E0620B1F1FACC9003A9F7F /* ContactsNavBarViewController.swift */; };
		E8F6F6D81F1E599F00945414 /* AppDelegate.swift in Sources */ = {isa = PBXBuildFile; fileRef = E8F6F6CD1F1E599F00945414 /* AppDelegate.swift */; };
		E8F6F6D91F1E599F00945414 /* Assets.xcassets in Resources */ = {isa = PBXBuildFile; fileRef = E8F6F6CE1F1E599F00945414 /* Assets.xcassets */; };
		E8F6F6DA1F1E599F00945414 /* LaunchScreen.storyboard in Resources */ = {isa = PBXBuildFile; fileRef = E8F6F6CF1F1E599F00945414 /* LaunchScreen.storyboard */; };
		E8F6F6DB1F1E599F00945414 /* Main.storyboard in Resources */ = {isa = PBXBuildFile; fileRef = E8F6F6D11F1E599F00945414 /* Main.storyboard */; };
		E8F6F6DC1F1E599F00945414 /* Contact.swift in Sources */ = {isa = PBXBuildFile; fileRef = E8F6F6D31F1E599F00945414 /* Contact.swift */; };
		E8F6F6DD1F1E599F00945414 /* ContactsTableTableViewController.swift in Sources */ = {isa = PBXBuildFile; fileRef = E8F6F6D41F1E599F00945414 /* ContactsTableTableViewController.swift */; };
		E8F6F6DE1F1E599F00945414 /* DetailViewController.swift in Sources */ = {isa = PBXBuildFile; fileRef = E8F6F6D51F1E599F00945414 /* DetailViewController.swift */; };
		E8F6F6DF1F1E599F00945414 /* Info.plist in Resources */ = {isa = PBXBuildFile; fileRef = E8F6F6D61F1E599F00945414 /* Info.plist */; };
		E8F6F6E51F1E7DF900945414 /* TripMapViewController.swift in Sources */ = {isa = PBXBuildFile; fileRef = E8F6F6E41F1E7DF900945414 /* TripMapViewController.swift */; };
		E8F6F6E71F1E86D000945414 /* CountryInfoViewController.swift in Sources */ = {isa = PBXBuildFile; fileRef = E8F6F6E61F1E86D000945414 /* CountryInfoViewController.swift */; };
/* End PBXBuildFile section */

/* Begin PBXFileReference section */
		8B6DBEB674B16543D8896C47 /* Pods_TripDashboard.framework */ = {isa = PBXFileReference; explicitFileType = wrapper.framework; includeInIndex = 0; path = Pods_TripDashboard.framework; sourceTree = BUILT_PRODUCTS_DIR; };
		A949CDDD3CD3CAD3FA56ED86 /* Pods-TripDashboard.release.xcconfig */ = {isa = PBXFileReference; includeInIndex = 1; lastKnownFileType = text.xcconfig; name = "Pods-TripDashboard.release.xcconfig"; path = "Pods/Target Support Files/Pods-TripDashboard/Pods-TripDashboard.release.xcconfig"; sourceTree = "<group>"; };
		E85246CB1F2A64B400F744F9 /* LoginViewController.swift */ = {isa = PBXFileReference; fileEncoding = 4; lastKnownFileType = sourcecode.swift; path = LoginViewController.swift; sourceTree = "<group>"; };
		E85246CD1F2A843C00F744F9 /* MainNavController.swift */ = {isa = PBXFileReference; fileEncoding = 4; lastKnownFileType = sourcecode.swift; path = MainNavController.swift; sourceTree = "<group>"; };
		E8693EC31F1B90F7000262AC /* TripDashboard.app */ = {isa = PBXFileReference; explicitFileType = wrapper.application; includeInIndex = 0; path = TripDashboard.app; sourceTree = BUILT_PRODUCTS_DIR; };
		E8E0620B1F1FACC9003A9F7F /* ContactsNavBarViewController.swift */ = {isa = PBXFileReference; fileEncoding = 4; lastKnownFileType = sourcecode.swift; path = ContactsNavBarViewController.swift; sourceTree = "<group>"; };
		E8F6F6CD1F1E599F00945414 /* AppDelegate.swift */ = {isa = PBXFileReference; fileEncoding = 4; lastKnownFileType = sourcecode.swift; path = AppDelegate.swift; sourceTree = "<group>"; };
		E8F6F6CE1F1E599F00945414 /* Assets.xcassets */ = {isa = PBXFileReference; lastKnownFileType = folder.assetcatalog; path = Assets.xcassets; sourceTree = "<group>"; };
		E8F6F6D01F1E599F00945414 /* Base */ = {isa = PBXFileReference; lastKnownFileType = file.storyboard; name = Base; path = Base.lproj/LaunchScreen.storyboard; sourceTree = "<group>"; };
		E8F6F6D21F1E599F00945414 /* Base */ = {isa = PBXFileReference; lastKnownFileType = file.storyboard; name = Base; path = Base.lproj/Main.storyboard; sourceTree = "<group>"; };
		E8F6F6D31F1E599F00945414 /* Contact.swift */ = {isa = PBXFileReference; fileEncoding = 4; lastKnownFileType = sourcecode.swift; path = Contact.swift; sourceTree = "<group>"; };
		E8F6F6D41F1E599F00945414 /* ContactsTableTableViewController.swift */ = {isa = PBXFileReference; fileEncoding = 4; lastKnownFileType = sourcecode.swift; path = ContactsTableTableViewController.swift; sourceTree = "<group>"; };
		E8F6F6D51F1E599F00945414 /* DetailViewController.swift */ = {isa = PBXFileReference; fileEncoding = 4; lastKnownFileType = sourcecode.swift; path = DetailViewController.swift; sourceTree = "<group>"; };
		E8F6F6D61F1E599F00945414 /* Info.plist */ = {isa = PBXFileReference; fileEncoding = 4; lastKnownFileType = text.plist.xml; path = Info.plist; sourceTree = "<group>"; };
		E8F6F6E41F1E7DF900945414 /* TripMapViewController.swift */ = {isa = PBXFileReference; fileEncoding = 4; lastKnownFileType = sourcecode.swift; name = TripMapViewController.swift; path = ../TripMapViewController.swift; sourceTree = "<group>"; };
		E8F6F6E61F1E86D000945414 /* CountryInfoViewController.swift */ = {isa = PBXFileReference; fileEncoding = 4; lastKnownFileType = sourcecode.swift; path = CountryInfoViewController.swift; sourceTree = "<group>"; };
		F8185890A57785687228FF1D /* Pods-TripDashboard.debug.xcconfig */ = {isa = PBXFileReference; includeInIndex = 1; lastKnownFileType = text.xcconfig; name = "Pods-TripDashboard.debug.xcconfig"; path = "Pods/Target Support Files/Pods-TripDashboard/Pods-TripDashboard.debug.xcconfig"; sourceTree = "<group>"; };
/* End PBXFileReference section */

/* Begin PBXFrameworksBuildPhase section */
		E8693EC01F1B90F7000262AC /* Frameworks */ = {
			isa = PBXFrameworksBuildPhase;
			buildActionMask = 2147483647;
			files = (
				3A5AFBBD50A2D49F933420F9 /* Pods_TripDashboard.framework in Frameworks */,
			);
			runOnlyForDeploymentPostprocessing = 0;
		};
/* End PBXFrameworksBuildPhase section */

/* Begin PBXGroup section */
		6583B996F57D5F8063296F08 /* Frameworks */ = {
			isa = PBXGroup;
			children = (
				8B6DBEB674B16543D8896C47 /* Pods_TripDashboard.framework */,
			);
			name = Frameworks;
			sourceTree = "<group>";
		};
		E8693EBA1F1B90F7000262AC = {
			isa = PBXGroup;
			children = (
				E8F6F6CC1F1E599F00945414 /* TripDashboard */,
				E8693EC41F1B90F7000262AC /* Products */,
				F243F226A73A0F73211A8EF9 /* Pods */,
				6583B996F57D5F8063296F08 /* Frameworks */,
			);
			sourceTree = "<group>";
		};
		E8693EC41F1B90F7000262AC /* Products */ = {
			isa = PBXGroup;
			children = (
				E8693EC31F1B90F7000262AC /* TripDashboard.app */,
			);
			name = Products;
			sourceTree = "<group>";
		};
		E8F6F6CC1F1E599F00945414 /* TripDashboard */ = {
			isa = PBXGroup;
			children = (
				E8F6F6CD1F1E599F00945414 /* AppDelegate.swift */,
				E8F6F6CE1F1E599F00945414 /* Assets.xcassets */,
				E8F6F6CF1F1E599F00945414 /* LaunchScreen.storyboard */,
				E8F6F6D11F1E599F00945414 /* Main.storyboard */,
				E85246CD1F2A843C00F744F9 /* MainNavController.swift */,
				E85246CB1F2A64B400F744F9 /* LoginViewController.swift */,
				E8F6F6E41F1E7DF900945414 /* TripMapViewController.swift */,
				E8F6F6E61F1E86D000945414 /* CountryInfoViewController.swift */,
				E8F6F6D31F1E599F00945414 /* Contact.swift */,
				E8F6F6D41F1E599F00945414 /* ContactsTableTableViewController.swift */,
				E8F6F6D51F1E599F00945414 /* DetailViewController.swift */,
				E8F6F6D61F1E599F00945414 /* Info.plist */,
				E8E0620B1F1FACC9003A9F7F /* ContactsNavBarViewController.swift */,
			);
			name = TripDashboard;
			path = Contacts;
			sourceTree = "<group>";
		};
		F243F226A73A0F73211A8EF9 /* Pods */ = {
			isa = PBXGroup;
			children = (
				F8185890A57785687228FF1D /* Pods-TripDashboard.debug.xcconfig */,
				A949CDDD3CD3CAD3FA56ED86 /* Pods-TripDashboard.release.xcconfig */,
			);
			name = Pods;
			sourceTree = "<group>";
		};
/* End PBXGroup section */

/* Begin PBXNativeTarget section */
		E8693EC21F1B90F7000262AC /* TripDashboard */ = {
			isa = PBXNativeTarget;
			buildConfigurationList = E8693ED51F1B90F7000262AC /* Build configuration list for PBXNativeTarget "TripDashboard" */;
			buildPhases = (
				563D069AA196D93D54FB28A3 /* [CP] Check Pods Manifest.lock */,
				E8693EBF1F1B90F7000262AC /* Sources */,
				E8693EC01F1B90F7000262AC /* Frameworks */,
				E8693EC11F1B90F7000262AC /* Resources */,
				39CE4B8A05AE83283F1865AA /* [CP] Embed Pods Frameworks */,
				1C3978D9FB3E5093DE401C3E /* [CP] Copy Pods Resources */,
			);
			buildRules = (
			);
			dependencies = (
			);
			name = TripDashboard;
			productName = TripDashboard;
			productReference = E8693EC31F1B90F7000262AC /* TripDashboard.app */;
			productType = "com.apple.product-type.application";
		};
/* End PBXNativeTarget section */

/* Begin PBXProject section */
		E8693EBB1F1B90F7000262AC /* Project object */ = {
			isa = PBXProject;
			attributes = {
				LastSwiftUpdateCheck = 0830;
				LastUpgradeCheck = 0830;
				ORGANIZATIONNAME = "Stephanie Chamblee";
				TargetAttributes = {
					E8693EC21F1B90F7000262AC = {
						CreatedOnToolsVersion = 8.3.3;
						DevelopmentTeam = BBZW8S27T5;
						LastSwiftMigration = 0830;
						ProvisioningStyle = Automatic;
					};
				};
			};
			buildConfigurationList = E8693EBE1F1B90F7000262AC /* Build configuration list for PBXProject "TripDashboard" */;
			compatibilityVersion = "Xcode 3.2";
			developmentRegion = English;
			hasScannedForEncodings = 0;
			knownRegions = (
				en,
				Base,
			);
			mainGroup = E8693EBA1F1B90F7000262AC;
			productRefGroup = E8693EC41F1B90F7000262AC /* Products */;
			projectDirPath = "";
			projectRoot = "";
			targets = (
				E8693EC21F1B90F7000262AC /* TripDashboard */,
			);
		};
/* End PBXProject section */

/* Begin PBXResourcesBuildPhase section */
		E8693EC11F1B90F7000262AC /* Resources */ = {
			isa = PBXResourcesBuildPhase;
			buildActionMask = 2147483647;
			files = (
				E8F6F6DF1F1E599F00945414 /* Info.plist in Resources */,
				E8F6F6DB1F1E599F00945414 /* Main.storyboard in Resources */,
				E8F6F6DA1F1E599F00945414 /* LaunchScreen.storyboard in Resources */,
				E8F6F6D91F1E599F00945414 /* Assets.xcassets in Resources */,
			);
			runOnlyForDeploymentPostprocessing = 0;
		};
/* End PBXResourcesBuildPhase section */

/* Begin PBXShellScriptBuildPhase section */
		1C3978D9FB3E5093DE401C3E /* [CP] Copy Pods Resources */ = {
			isa = PBXShellScriptBuildPhase;
			buildActionMask = 2147483647;
			files = (
			);
			inputPaths = (
			);
			name = "[CP] Copy Pods Resources";
			outputPaths = (
			);
			runOnlyForDeploymentPostprocessing = 0;
			shellPath = /bin/sh;
			shellScript = "\"${SRCROOT}/Pods/Target Support Files/Pods-TripDashboard/Pods-TripDashboard-resources.sh\"\n";
			showEnvVarsInLog = 0;
		};
		39CE4B8A05AE83283F1865AA /* [CP] Embed Pods Frameworks */ = {
			isa = PBXShellScriptBuildPhase;
			buildActionMask = 2147483647;
			files = (
			);
			inputPaths = (
			);
			name = "[CP] Embed Pods Frameworks";
			outputPaths = (
			);
			runOnlyForDeploymentPostprocessing = 0;
			shellPath = /bin/sh;
			shellScript = "\"${SRCROOT}/Pods/Target Support Files/Pods-TripDashboard/Pods-TripDashboard-frameworks.sh\"\n";
			showEnvVarsInLog = 0;
		};
		563D069AA196D93D54FB28A3 /* [CP] Check Pods Manifest.lock */ = {
			isa = PBXShellScriptBuildPhase;
			buildActionMask = 2147483647;
			files = (
			);
			inputPaths = (
			);
			name = "[CP] Check Pods Manifest.lock";
			outputPaths = (
			);
			runOnlyForDeploymentPostprocessing = 0;
			shellPath = /bin/sh;
			shellScript = "diff \"${PODS_PODFILE_DIR_PATH}/Podfile.lock\" \"${PODS_ROOT}/Manifest.lock\" > /dev/null\nif [ $? != 0 ] ; then\n    # print error to STDERR\n    echo \"error: The sandbox is not in sync with the Podfile.lock. Run 'pod install' or update your CocoaPods installation.\" >&2\n    exit 1\nfi\n";
			showEnvVarsInLog = 0;
		};
/* End PBXShellScriptBuildPhase section */

/* Begin PBXSourcesBuildPhase section */
		E8693EBF1F1B90F7000262AC /* Sources */ = {
			isa = PBXSourcesBuildPhase;
			buildActionMask = 2147483647;
			files = (
				E85246CE1F2A843C00F744F9 /* MainNavController.swift in Sources */,
				E85246CC1F2A64B400F744F9 /* LoginViewController.swift in Sources */,
				E8F6F6E51F1E7DF900945414 /* TripMapViewController.swift in Sources */,
				E8E0620C1F1FACC9003A9F7F /* ContactsNavBarViewController.swift in Sources */,
				E8F6F6DC1F1E599F00945414 /* Contact.swift in Sources */,
				E8F6F6E71F1E86D000945414 /* CountryInfoViewController.swift in Sources */,
				E8F6F6D81F1E599F00945414 /* AppDelegate.swift in Sources */,
				E8F6F6DD1F1E599F00945414 /* ContactsTableTableViewController.swift in Sources */,
				E8F6F6DE1F1E599F00945414 /* DetailViewController.swift in Sources */,
			);
			runOnlyForDeploymentPostprocessing = 0;
		};
/* End PBXSourcesBuildPhase section */

/* Begin PBXVariantGroup section */
		E8F6F6CF1F1E599F00945414 /* LaunchScreen.storyboard */ = {
			isa = PBXVariantGroup;
			children = (
				E8F6F6D01F1E599F00945414 /* Base */,
			);
			name = LaunchScreen.storyboard;
			sourceTree = "<group>";
		};
		E8F6F6D11F1E599F00945414 /* Main.storyboard */ = {
			isa = PBXVariantGroup;
			children = (
				E8F6F6D21F1E599F00945414 /* Base */,
			);
			name = Main.storyboard;
			sourceTree = "<group>";
		};
/* End PBXVariantGroup section */

/* Begin XCBuildConfiguration section */
		E8693ED31F1B90F7000262AC /* Debug */ = {
			isa = XCBuildConfiguration;
			buildSettings = {
				ALWAYS_SEARCH_USER_PATHS = NO;
				CLANG_ANALYZER_NONNULL = YES;
				CLANG_ANALYZER_NUMBER_OBJECT_CONVERSION = YES_AGGRESSIVE;
				CLANG_CXX_LANGUAGE_STANDARD = "gnu++0x";
				CLANG_CXX_LIBRARY = "libc++";
				CLANG_ENABLE_MODULES = YES;
				CLANG_ENABLE_OBJC_ARC = YES;
				CLANG_WARN_BOOL_CONVERSION = YES;
				CLANG_WARN_CONSTANT_CONVERSION = YES;
				CLANG_WARN_DIRECT_OBJC_ISA_USAGE = YES_ERROR;
				CLANG_WARN_DOCUMENTATION_COMMENTS = YES;
				CLANG_WARN_EMPTY_BODY = YES;
				CLANG_WARN_ENUM_CONVERSION = YES;
				CLANG_WARN_INFINITE_RECURSION = YES;
				CLANG_WARN_INT_CONVERSION = YES;
				CLANG_WARN_OBJC_ROOT_CLASS = YES_ERROR;
				CLANG_WARN_SUSPICIOUS_MOVE = YES;
				CLANG_WARN_UNREACHABLE_CODE = YES;
				CLANG_WARN__DUPLICATE_METHOD_MATCH = YES;
				"CODE_SIGN_IDENTITY[sdk=iphoneos*]" = "iPhone Developer";
				COPY_PHASE_STRIP = NO;
				DEBUG_INFORMATION_FORMAT = dwarf;
				ENABLE_STRICT_OBJC_MSGSEND = YES;
				ENABLE_TESTABILITY = YES;
				GCC_C_LANGUAGE_STANDARD = gnu99;
				GCC_DYNAMIC_NO_PIC = NO;
				GCC_NO_COMMON_BLOCKS = YES;
				GCC_OPTIMIZATION_LEVEL = 0;
				GCC_PREPROCESSOR_DEFINITIONS = (
					"DEBUG=1",
					"$(inherited)",
				);
				GCC_WARN_64_TO_32_BIT_CONVERSION = YES;
				GCC_WARN_ABOUT_RETURN_TYPE = YES_ERROR;
				GCC_WARN_UNDECLARED_SELECTOR = YES;
				GCC_WARN_UNINITIALIZED_AUTOS = YES_AGGRESSIVE;
				GCC_WARN_UNUSED_FUNCTION = YES;
				GCC_WARN_UNUSED_VARIABLE = YES;
				IPHONEOS_DEPLOYMENT_TARGET = 10.3;
				MTL_ENABLE_DEBUG_INFO = YES;
				ONLY_ACTIVE_ARCH = YES;
				SDKROOT = iphoneos;
				SWIFT_ACTIVE_COMPILATION_CONDITIONS = DEBUG;
				SWIFT_OPTIMIZATION_LEVEL = "-Onone";
				TARGETED_DEVICE_FAMILY = "1,2";
			};
			name = Debug;
		};
		E8693ED41F1B90F7000262AC /* Release */ = {
			isa = XCBuildConfiguration;
			buildSettings = {
				ALWAYS_SEARCH_USER_PATHS = NO;
				CLANG_ANALYZER_NONNULL = YES;
				CLANG_ANALYZER_NUMBER_OBJECT_CONVERSION = YES_AGGRESSIVE;
				CLANG_CXX_LANGUAGE_STANDARD = "gnu++0x";
				CLANG_CXX_LIBRARY = "libc++";
				CLANG_ENABLE_MODULES = YES;
				CLANG_ENABLE_OBJC_ARC = YES;
				CLANG_WARN_BOOL_CONVERSION = YES;
				CLANG_WARN_CONSTANT_CONVERSION = YES;
				CLANG_WARN_DIRECT_OBJC_ISA_USAGE = YES_ERROR;
				CLANG_WARN_DOCUMENTATION_COMMENTS = YES;
				CLANG_WARN_EMPTY_BODY = YES;
				CLANG_WARN_ENUM_CONVERSION = YES;
				CLANG_WARN_INFINITE_RECURSION = YES;
				CLANG_WARN_INT_CONVERSION = YES;
				CLANG_WARN_OBJC_ROOT_CLASS = YES_ERROR;
				CLANG_WARN_SUSPICIOUS_MOVE = YES;
				CLANG_WARN_UNREACHABLE_CODE = YES;
				CLANG_WARN__DUPLICATE_METHOD_MATCH = YES;
				"CODE_SIGN_IDENTITY[sdk=iphoneos*]" = "iPhone Developer";
				COPY_PHASE_STRIP = NO;
				DEBUG_INFORMATION_FORMAT = "dwarf-with-dsym";
				ENABLE_NS_ASSERTIONS = NO;
				ENABLE_STRICT_OBJC_MSGSEND = YES;
				GCC_C_LANGUAGE_STANDARD = gnu99;
				GCC_NO_COMMON_BLOCKS = YES;
				GCC_WARN_64_TO_32_BIT_CONVERSION = YES;
				GCC_WARN_ABOUT_RETURN_TYPE = YES_ERROR;
				GCC_WARN_UNDECLARED_SELECTOR = YES;
				GCC_WARN_UNINITIALIZED_AUTOS = YES_AGGRESSIVE;
				GCC_WARN_UNUSED_FUNCTION = YES;
				GCC_WARN_UNUSED_VARIABLE = YES;
				IPHONEOS_DEPLOYMENT_TARGET = 10.3;
				MTL_ENABLE_DEBUG_INFO = NO;
				SDKROOT = iphoneos;
				SWIFT_OPTIMIZATION_LEVEL = "-Owholemodule";
				TARGETED_DEVICE_FAMILY = "1,2";
				VALIDATE_PRODUCT = YES;
			};
			name = Release;
		};
		E8693ED61F1B90F7000262AC /* Debug */ = {
			isa = XCBuildConfiguration;
			baseConfigurationReference = F8185890A57785687228FF1D /* Pods-TripDashboard.debug.xcconfig */;
			buildSettings = {
				ASSETCATALOG_COMPILER_APPICON_NAME = AppIcon;
				CLANG_ENABLE_MODULES = YES;
				DEVELOPMENT_TEAM = BBZW8S27T5;
				INFOPLIST_FILE = TripDashboard/Info.plist;
				LD_RUNPATH_SEARCH_PATHS = "$(inherited) @executable_path/Frameworks";
				PRODUCT_BUNDLE_IDENTIFIER = Stephanie.TripDashboard;
				PRODUCT_NAME = "$(TARGET_NAME)";
				SWIFT_OBJC_BRIDGING_HEADER = "TripDashboard-Bridging-Header.h";
				SWIFT_OPTIMIZATION_LEVEL = "-Onone";
				SWIFT_VERSION = 3.0;
			};
			name = Debug;
		};
		E8693ED71F1B90F7000262AC /* Release */ = {
			isa = XCBuildConfiguration;
			baseConfigurationReference = A949CDDD3CD3CAD3FA56ED86 /* Pods-TripDashboard.release.xcconfig */;
			buildSettings = {
				ASSETCATALOG_COMPILER_APPICON_NAME = AppIcon;
				CLANG_ENABLE_MODULES = YES;
				DEVELOPMENT_TEAM = BBZW8S27T5;
				INFOPLIST_FILE = TripDashboard/Info.plist;
				LD_RUNPATH_SEARCH_PATHS = "$(inherited) @executable_path/Frameworks";
				PRODUCT_BUNDLE_IDENTIFIER = Stephanie.TripDashboard;
				PRODUCT_NAME = "$(TARGET_NAME)";
				SWIFT_OBJC_BRIDGING_HEADER = "TripDashboard-Bridging-Header.h";
				SWIFT_VERSION = 3.0;
			};
			name = Release;
		};
/* End XCBuildConfiguration section */

/* Begin XCConfigurationList section */
		E8693EBE1F1B90F7000262AC /* Build configuration list for PBXProject "TripDashboard" */ = {
			isa = XCConfigurationList;
			buildConfigurations = (
				E8693ED31F1B90F7000262AC /* Debug */,
				E8693ED41F1B90F7000262AC /* Release */,
			);
			defaultConfigurationIsVisible = 0;
			defaultConfigurationName = Release;
		};
		E8693ED51F1B90F7000262AC /* Build configuration list for PBXNativeTarget "TripDashboard" */ = {
			isa = XCConfigurationList;
			buildConfigurations = (
				E8693ED61F1B90F7000262AC /* Debug */,
				E8693ED71F1B90F7000262AC /* Release */,
			);
			defaultConfigurationIsVisible = 0;
			defaultConfigurationName = Release;
		};
/* End XCConfigurationList section */
	};
	rootObject = E8693EBB1F1B90F7000262AC /* Project object */;
}
