// !$*UTF8*$!
{
	archiveVersion = 1;
	classes = {
	};
	objectVersion = 46;
	objects = {

/* Begin PBXBuildFile section */
		10EB23E9ECC4B33E16933BB1EA560B6A /* Timeline.swift in Sources */ = {isa = PBXBuildFile; fileRef = F32995EA0A3C316FD33DD2343597B63A /* Timeline.swift */; };
		140EB171AB6B2919D8E954B9031B3266 /* Foundation.framework in Frameworks */ = {isa = PBXBuildFile; fileRef = 8C208BD2418B38199D932444228512CF /* Foundation.framework */; };
		1B9EDEDC964E6B08F78920B4F4B9DB84 /* Alamofire-umbrella.h in Headers */ = {isa = PBXBuildFile; fileRef = 17E26D39EC9E0489BFF8CE8DB6E0D860 /* Alamofire-umbrella.h */; settings = {ATTRIBUTES = (Public, ); }; };
		20FFCB796689940613A141013D758B10 /* SwiftyJSON-dummy.m in Sources */ = {isa = PBXBuildFile; fileRef = 98B23E6235978035A994060AF220CBBB /* SwiftyJSON-dummy.m */; };
		3626B94094672CB1C9DEA32B9F9502E1 /* TaskDelegate.swift in Sources */ = {isa = PBXBuildFile; fileRef = DB0037DD75DE7343D8343B381D10AB04 /* TaskDelegate.swift */; };
		3B9729AC7C1EA238588B238E8246BA28 /* Foundation.framework in Frameworks */ = {isa = PBXBuildFile; fileRef = 8C208BD2418B38199D932444228512CF /* Foundation.framework */; };
		4E59744DDACFECB37D3531E504228AA1 /* AlamofireSwiftyJSON-dummy.m in Sources */ = {isa = PBXBuildFile; fileRef = BCBD6F52208EBD173E1001DFA9C132B6 /* AlamofireSwiftyJSON-dummy.m */; };
		5068EA401BAAC807CB5699005DEF8E03 /* SwiftyJSON-umbrella.h in Headers */ = {isa = PBXBuildFile; fileRef = B4359D6CDAB5997C535037F6C41E384D /* SwiftyJSON-umbrella.h */; settings = {ATTRIBUTES = (Public, ); }; };
		5387216E723A3C68E851CA15573CDD71 /* Request.swift in Sources */ = {isa = PBXBuildFile; fileRef = F787441FFE0874843F31D83E8D0DB4BA /* Request.swift */; };
		59BE44195191D46A245AAB3F8B5BA4A4 /* AlamofireSwiftyJSON.swift in Sources */ = {isa = PBXBuildFile; fileRef = 9A09D5754E2B3F5C3C0DE8A8DC85CE92 /* AlamofireSwiftyJSON.swift */; };
		61200D01A1855D7920CEF835C8BE00B0 /* DispatchQueue+Alamofire.swift in Sources */ = {isa = PBXBuildFile; fileRef = 074F285B0E719C08A4419CD053CB00A6 /* DispatchQueue+Alamofire.swift */; };
		62F65AD8DC4F0F9610F4B8B4738EC094 /* ServerTrustPolicy.swift in Sources */ = {isa = PBXBuildFile; fileRef = 4E0E577ABE2EB6FEBF5E1C0D6D534BBE /* ServerTrustPolicy.swift */; };
		6DC7F9312F5A2D7036531D58527AC26F /* SwiftyJSON.framework in Frameworks */ = {isa = PBXBuildFile; fileRef = 32059BC369D7FCF1B2F950DF30BE51C3 /* SwiftyJSON.framework */; };
		73B9C996AED49ED7CF8EC2A6F1738059 /* Foundation.framework in Frameworks */ = {isa = PBXBuildFile; fileRef = 8C208BD2418B38199D932444228512CF /* Foundation.framework */; };
		77C5A81B67F4C3A2890826E534AF53DD /* AlamofireSwiftyJSON-umbrella.h in Headers */ = {isa = PBXBuildFile; fileRef = DD5DDE5094566097EE526AC1D97DF000 /* AlamofireSwiftyJSON-umbrella.h */; settings = {ATTRIBUTES = (Public, ); }; };
		7B5FE28C7EA4122B0598738E54DBEBD8 /* SessionDelegate.swift in Sources */ = {isa = PBXBuildFile; fileRef = 6EFE1B3C49748E2BABF432015E521EA0 /* SessionDelegate.swift */; };
		7D8CC01E8C9EFFF9F4D65406CDE0AB66 /* Result.swift in Sources */ = {isa = PBXBuildFile; fileRef = 7C0D50B2855CAAB17F397AA39E4ADC99 /* Result.swift */; };
		87C5C03722DEBE6F410B3C5B6460FE3C /* Alamofire.framework in Frameworks */ = {isa = PBXBuildFile; fileRef = C57542A837C5B77A7BB3FB13B37548A6 /* Alamofire.framework */; };
		9ED2BB2981896E0A39EFA365503F58CE /* AFError.swift in Sources */ = {isa = PBXBuildFile; fileRef = 0890D15C1377CAE7D7319F54B0B915C2 /* AFError.swift */; };
		A2A6F71B727312BD45CC7A4AAD7B0AB7 /* NetworkReachabilityManager.swift in Sources */ = {isa = PBXBuildFile; fileRef = 250E528BB2A3A2117EDF98F1156B4490 /* NetworkReachabilityManager.swift */; };
		A38D962EE56C4375E6D2EDFB53734E6B /* Pods-TripDashboard-umbrella.h in Headers */ = {isa = PBXBuildFile; fileRef = C62D26AEEC90B62D8B6DC826602DD4A9 /* Pods-TripDashboard-umbrella.h */; settings = {ATTRIBUTES = (Public, ); }; };
		A5CE453D368326CCFE2ECA3034306EAA /* SwiftyJSON.swift in Sources */ = {isa = PBXBuildFile; fileRef = A27694B94F0BA98D2743B4327E08E212 /* SwiftyJSON.swift */; };
		A9EEEA7477981DEEBC72432DE9990A4B /* Alamofire-dummy.m in Sources */ = {isa = PBXBuildFile; fileRef = 70E36CFB8380DE82BD033409325A18A6 /* Alamofire-dummy.m */; };
		AD9034EDF94A94586D300FA9EB22BFFF /* Pods-TripDashboard-dummy.m in Sources */ = {isa = PBXBuildFile; fileRef = D8EC9A05C71C88B7F560343545F786E7 /* Pods-TripDashboard-dummy.m */; };
		AE1EF48399533730D0066E04B22CA2D6 /* SessionManager.swift in Sources */ = {isa = PBXBuildFile; fileRef = DAEBC33E27340FB9E2B01E9A5F011FAA /* SessionManager.swift */; };
		B65FCF589DA398C3EFE0128064E510EC /* MultipartFormData.swift in Sources */ = {isa = PBXBuildFile; fileRef = C95B50C3F7A280E4D0DFB138A7337EAC /* MultipartFormData.swift */; };
		BB770C619E8D70217DA4B51F5DCA0DFD /* Foundation.framework in Frameworks */ = {isa = PBXBuildFile; fileRef = 8C208BD2418B38199D932444228512CF /* Foundation.framework */; };
		BBEFE2F9CEB73DC7BD97FFA66A0D9D4F /* Validation.swift in Sources */ = {isa = PBXBuildFile; fileRef = 12B6C501B9F5F604F697BB372B07BB09 /* Validation.swift */; };
		BE5C67A07E289FE1F9BE27335B159997 /* ParameterEncoding.swift in Sources */ = {isa = PBXBuildFile; fileRef = C4372619AA16C958FDF98C1F38AFFB89 /* ParameterEncoding.swift */; };
		CB6D60925223897FFA2662667DF83E8A /* Response.swift in Sources */ = {isa = PBXBuildFile; fileRef = A98BE053ED627AC2B84685E634988BC9 /* Response.swift */; };
		EFD264FC408EBF3BA2528E70B08DDD94 /* Notifications.swift in Sources */ = {isa = PBXBuildFile; fileRef = E719222F99B92538214709DA5FF38783 /* Notifications.swift */; };
		F6BECD98B97CBFEBE2C96F0E9E72A6C0 /* ResponseSerialization.swift in Sources */ = {isa = PBXBuildFile; fileRef = 4F845083512ADFB69AD058D26A74DACC /* ResponseSerialization.swift */; };
		F8B3D3092ED0417E8CDF32033F6122F5 /* Alamofire.swift in Sources */ = {isa = PBXBuildFile; fileRef = 8C8C557053035EF9FDF608D3E86FF0BC /* Alamofire.swift */; };
/* End PBXBuildFile section */

/* Begin PBXContainerItemProxy section */
		08AC147F0D1E53353A511FDD92E07BA2 /* PBXContainerItemProxy */ = {
			isa = PBXContainerItemProxy;
			containerPortal = D41D8CD98F00B204E9800998ECF8427E /* Project object */;
			proxyType = 1;
			remoteGlobalIDString = 88E9EC28B8B46C3631E6B242B50F4442;
			remoteInfo = Alamofire;
		};
		1B624CA524188329E6596BF9C9139E28 /* PBXContainerItemProxy */ = {
			isa = PBXContainerItemProxy;
			containerPortal = D41D8CD98F00B204E9800998ECF8427E /* Project object */;
			proxyType = 1;
			remoteGlobalIDString = C68748E71A3DDB40B0AAF4BC0A8F9030;
			remoteInfo = SwiftyJSON;
		};
		46919FFD7FDDF0B528174D4A3E346A30 /* PBXContainerItemProxy */ = {
			isa = PBXContainerItemProxy;
			containerPortal = D41D8CD98F00B204E9800998ECF8427E /* Project object */;
			proxyType = 1;
			remoteGlobalIDString = 61E5C1379DC63FAC57AF48F891CFB123;
			remoteInfo = AlamofireSwiftyJSON;
		};
		9FDAF5C6C834BA59530A0169BB8EB750 /* PBXContainerItemProxy */ = {
			isa = PBXContainerItemProxy;
			containerPortal = D41D8CD98F00B204E9800998ECF8427E /* Project object */;
			proxyType = 1;
			remoteGlobalIDString = 88E9EC28B8B46C3631E6B242B50F4442;
			remoteInfo = Alamofire;
		};
		F6814470266156FFDECCFBF764C454DA /* PBXContainerItemProxy */ = {
			isa = PBXContainerItemProxy;
			containerPortal = D41D8CD98F00B204E9800998ECF8427E /* Project object */;
			proxyType = 1;
			remoteGlobalIDString = C68748E71A3DDB40B0AAF4BC0A8F9030;
			remoteInfo = SwiftyJSON;
		};
/* End PBXContainerItemProxy section */

/* Begin PBXFileReference section */
		066FDE82A03C34374DC17B3C512B93D2 /* GooglePlaces.bundle */ = {isa = PBXFileReference; includeInIndex = 1; lastKnownFileType = "wrapper.plug-in"; name = GooglePlaces.bundle; path = Frameworks/GooglePlaces.framework/Versions/A/Resources/GooglePlaces.bundle; sourceTree = "<group>"; };
		074F285B0E719C08A4419CD053CB00A6 /* DispatchQueue+Alamofire.swift */ = {isa = PBXFileReference; includeInIndex = 1; lastKnownFileType = sourcecode.swift; name = "DispatchQueue+Alamofire.swift"; path = "Source/DispatchQueue+Alamofire.swift"; sourceTree = "<group>"; };
		0890D15C1377CAE7D7319F54B0B915C2 /* AFError.swift */ = {isa = PBXFileReference; includeInIndex = 1; lastKnownFileType = sourcecode.swift; name = AFError.swift; path = Source/AFError.swift; sourceTree = "<group>"; };
		0DB5655A22BDD83F1A13B604F63D97AF /* Info.plist */ = {isa = PBXFileReference; includeInIndex = 1; lastKnownFileType = text.plist.xml; path = Info.plist; sourceTree = "<group>"; };
		0E72C1FA6E9A8B57D965CD1B39472D4B /* GoogleMapsBase.framework */ = {isa = PBXFileReference; lastKnownFileType = wrapper.framework; name = GoogleMapsBase.framework; path = Base/Frameworks/GoogleMapsBase.framework; sourceTree = "<group>"; };
		0F7AA3866A09727B23611738315C332F /* Alamofire.xcconfig */ = {isa = PBXFileReference; includeInIndex = 1; lastKnownFileType = text.xcconfig; path = Alamofire.xcconfig; sourceTree = "<group>"; };
		12B6C501B9F5F604F697BB372B07BB09 /* Validation.swift */ = {isa = PBXFileReference; includeInIndex = 1; lastKnownFileType = sourcecode.swift; name = Validation.swift; path = Source/Validation.swift; sourceTree = "<group>"; };
		12E3ADA3AC2C97C378617D43FC175D6E /* AlamofireSwiftyJSON.framework */ = {isa = PBXFileReference; explicitFileType = wrapper.framework; includeInIndex = 0; name = AlamofireSwiftyJSON.framework; path = AlamofireSwiftyJSON.framework; sourceTree = BUILT_PRODUCTS_DIR; };
		13A9C81C616372754A8D604EE6A8A333 /* Alamofire-prefix.pch */ = {isa = PBXFileReference; includeInIndex = 1; lastKnownFileType = sourcecode.c.h; path = "Alamofire-prefix.pch"; sourceTree = "<group>"; };
		174F9290273DE84078A31D8C9D65C82E /* Info.plist */ = {isa = PBXFileReference; includeInIndex = 1; lastKnownFileType = text.plist.xml; path = Info.plist; sourceTree = "<group>"; };
		17E26D39EC9E0489BFF8CE8DB6E0D860 /* Alamofire-umbrella.h */ = {isa = PBXFileReference; includeInIndex = 1; lastKnownFileType = sourcecode.c.h; path = "Alamofire-umbrella.h"; sourceTree = "<group>"; };
		18624958654174E5C578D970FEC76DF9 /* Pods-TripDashboard-frameworks.sh */ = {isa = PBXFileReference; includeInIndex = 1; lastKnownFileType = text.script.sh; path = "Pods-TripDashboard-frameworks.sh"; sourceTree = "<group>"; };
		250E528BB2A3A2117EDF98F1156B4490 /* NetworkReachabilityManager.swift */ = {isa = PBXFileReference; includeInIndex = 1; lastKnownFileType = sourcecode.swift; name = NetworkReachabilityManager.swift; path = Source/NetworkReachabilityManager.swift; sourceTree = "<group>"; };
		29187F084D4EBF94B5B72B902D26D320 /* Pods-TripDashboard.release.xcconfig */ = {isa = PBXFileReference; includeInIndex = 1; lastKnownFileType = text.xcconfig; path = "Pods-TripDashboard.release.xcconfig"; sourceTree = "<group>"; };
		2E5318ACD627085399E78E3919DE599C /* GooglePlaces.framework */ = {isa = PBXFileReference; lastKnownFileType = wrapper.framework; name = GooglePlaces.framework; path = Frameworks/GooglePlaces.framework; sourceTree = "<group>"; };
		32059BC369D7FCF1B2F950DF30BE51C3 /* SwiftyJSON.framework */ = {isa = PBXFileReference; explicitFileType = wrapper.framework; includeInIndex = 0; path = SwiftyJSON.framework; sourceTree = BUILT_PRODUCTS_DIR; };
		3491064647F21B73C39B82196A6E18A7 /* Pods-TripDashboard.modulemap */ = {isa = PBXFileReference; includeInIndex = 1; path = "Pods-TripDashboard.modulemap"; sourceTree = "<group>"; };
		350088340B1AC08E2B9FFEFAA7816CDF /* GoogleMaps.framework */ = {isa = PBXFileReference; lastKnownFileType = wrapper.framework; name = GoogleMaps.framework; path = Maps/Frameworks/GoogleMaps.framework; sourceTree = "<group>"; };
		37C219F31C5BFF48BAA060ACCC119745 /* Pods-TripDashboard-resources.sh */ = {isa = PBXFileReference; includeInIndex = 1; lastKnownFileType = text.script.sh; path = "Pods-TripDashboard-resources.sh"; sourceTree = "<group>"; };
		3FACB74CE8623AC7406EBBE562D47AFE /* Pods-TripDashboard-acknowledgements.markdown */ = {isa = PBXFileReference; includeInIndex = 1; lastKnownFileType = text; path = "Pods-TripDashboard-acknowledgements.markdown"; sourceTree = "<group>"; };
		476A6420A936FD9A0CC18442D76E7837 /* Pods_TripDashboard.framework */ = {isa = PBXFileReference; explicitFileType = wrapper.framework; includeInIndex = 0; name = Pods_TripDashboard.framework; path = "Pods-TripDashboard.framework"; sourceTree = BUILT_PRODUCTS_DIR; };
		4E0E577ABE2EB6FEBF5E1C0D6D534BBE /* ServerTrustPolicy.swift */ = {isa = PBXFileReference; includeInIndex = 1; lastKnownFileType = sourcecode.swift; name = ServerTrustPolicy.swift; path = Source/ServerTrustPolicy.swift; sourceTree = "<group>"; };
		4F845083512ADFB69AD058D26A74DACC /* ResponseSerialization.swift */ = {isa = PBXFileReference; includeInIndex = 1; lastKnownFileType = sourcecode.swift; name = ResponseSerialization.swift; path = Source/ResponseSerialization.swift; sourceTree = "<group>"; };
		53F6878D92C093EB0C2C1E40EEC1C3B6 /* Info.plist */ = {isa = PBXFileReference; includeInIndex = 1; lastKnownFileType = text.plist.xml; path = Info.plist; sourceTree = "<group>"; };
		6AFA20F172C5A0D37762CA2F391C5855 /* GoogleMaps.bundle */ = {isa = PBXFileReference; includeInIndex = 1; lastKnownFileType = "wrapper.plug-in"; name = GoogleMaps.bundle; path = Maps/Frameworks/GoogleMaps.framework/Versions/A/Resources/GoogleMaps.bundle; sourceTree = "<group>"; };
		6EFE1B3C49748E2BABF432015E521EA0 /* SessionDelegate.swift */ = {isa = PBXFileReference; includeInIndex = 1; lastKnownFileType = sourcecode.swift; name = SessionDelegate.swift; path = Source/SessionDelegate.swift; sourceTree = "<group>"; };
		70E36CFB8380DE82BD033409325A18A6 /* Alamofire-dummy.m */ = {isa = PBXFileReference; includeInIndex = 1; lastKnownFileType = sourcecode.c.objc; path = "Alamofire-dummy.m"; sourceTree = "<group>"; };
		72A705020E9247CD23BE46AD62A45F6D /* SwiftyJSON.xcconfig */ = {isa = PBXFileReference; includeInIndex = 1; lastKnownFileType = text.xcconfig; path = SwiftyJSON.xcconfig; sourceTree = "<group>"; };
		7C0D50B2855CAAB17F397AA39E4ADC99 /* Result.swift */ = {isa = PBXFileReference; includeInIndex = 1; lastKnownFileType = sourcecode.swift; name = Result.swift; path = Source/Result.swift; sourceTree = "<group>"; };
		7DA331E13BD7A7196B7EA5E00E10168E /* Alamofire.modulemap */ = {isa = PBXFileReference; includeInIndex = 1; path = Alamofire.modulemap; sourceTree = "<group>"; };
		824911188602F009F4A9D1BE55D96497 /* Alamofire.framework */ = {isa = PBXFileReference; explicitFileType = wrapper.framework; includeInIndex = 0; name = Alamofire.framework; path = Alamofire.framework; sourceTree = BUILT_PRODUCTS_DIR; };
		8C208BD2418B38199D932444228512CF /* Foundation.framework */ = {isa = PBXFileReference; lastKnownFileType = wrapper.framework; name = Foundation.framework; path = Platforms/iPhoneOS.platform/Developer/SDKs/iPhoneOS10.3.sdk/System/Library/Frameworks/Foundation.framework; sourceTree = DEVELOPER_DIR; };
		8C8C557053035EF9FDF608D3E86FF0BC /* Alamofire.swift */ = {isa = PBXFileReference; includeInIndex = 1; lastKnownFileType = sourcecode.swift; name = Alamofire.swift; path = Source/Alamofire.swift; sourceTree = "<group>"; };
		93A4A3777CF96A4AAC1D13BA6DCCEA73 /* Podfile */ = {isa = PBXFileReference; explicitFileType = text.script.ruby; includeInIndex = 1; lastKnownFileType = text; name = Podfile; path = ../Podfile; sourceTree = SOURCE_ROOT; xcLanguageSpecificationIdentifier = xcode.lang.ruby; };
		98B23E6235978035A994060AF220CBBB /* SwiftyJSON-dummy.m */ = {isa = PBXFileReference; includeInIndex = 1; lastKnownFileType = sourcecode.c.objc; path = "SwiftyJSON-dummy.m"; sourceTree = "<group>"; };
		9A09D5754E2B3F5C3C0DE8A8DC85CE92 /* AlamofireSwiftyJSON.swift */ = {isa = PBXFileReference; includeInIndex = 1; lastKnownFileType = sourcecode.swift; name = AlamofireSwiftyJSON.swift; path = Source/AlamofireSwiftyJSON.swift; sourceTree = "<group>"; };
		A14D47DA34AD322DE60200B957F20583 /* AlamofireSwiftyJSON.xcconfig */ = {isa = PBXFileReference; includeInIndex = 1; lastKnownFileType = text.xcconfig; path = AlamofireSwiftyJSON.xcconfig; sourceTree = "<group>"; };
		A27694B94F0BA98D2743B4327E08E212 /* SwiftyJSON.swift */ = {isa = PBXFileReference; includeInIndex = 1; lastKnownFileType = sourcecode.swift; name = SwiftyJSON.swift; path = Source/SwiftyJSON.swift; sourceTree = "<group>"; };
		A98BE053ED627AC2B84685E634988BC9 /* Response.swift */ = {isa = PBXFileReference; includeInIndex = 1; lastKnownFileType = sourcecode.swift; name = Response.swift; path = Source/Response.swift; sourceTree = "<group>"; };
		AA0FAE9DC6BAA2D090B31F6C9DBE9598 /* Pods-TripDashboard.debug.xcconfig */ = {isa = PBXFileReference; includeInIndex = 1; lastKnownFileType = text.xcconfig; path = "Pods-TripDashboard.debug.xcconfig"; sourceTree = "<group>"; };
		B2B363220AD9D275685A01B1263BAA91 /* SwiftyJSON.modulemap */ = {isa = PBXFileReference; includeInIndex = 1; path = SwiftyJSON.modulemap; sourceTree = "<group>"; };
		B4359D6CDAB5997C535037F6C41E384D /* SwiftyJSON-umbrella.h */ = {isa = PBXFileReference; includeInIndex = 1; lastKnownFileType = sourcecode.c.h; path = "SwiftyJSON-umbrella.h"; sourceTree = "<group>"; };
		B8E70189DD7D158243D598E26755FC04 /* AlamofireSwiftyJSON.modulemap */ = {isa = PBXFileReference; includeInIndex = 1; path = AlamofireSwiftyJSON.modulemap; sourceTree = "<group>"; };
		BCBD6F52208EBD173E1001DFA9C132B6 /* AlamofireSwiftyJSON-dummy.m */ = {isa = PBXFileReference; includeInIndex = 1; lastKnownFileType = sourcecode.c.objc; path = "AlamofireSwiftyJSON-dummy.m"; sourceTree = "<group>"; };
		C1785F62998A6BD19437F2ABE712F258 /* SwiftyJSON-prefix.pch */ = {isa = PBXFileReference; includeInIndex = 1; lastKnownFileType = sourcecode.c.h; path = "SwiftyJSON-prefix.pch"; sourceTree = "<group>"; };
		C4372619AA16C958FDF98C1F38AFFB89 /* ParameterEncoding.swift */ = {isa = PBXFileReference; includeInIndex = 1; lastKnownFileType = sourcecode.swift; name = ParameterEncoding.swift; path = Source/ParameterEncoding.swift; sourceTree = "<group>"; };
		C57542A837C5B77A7BB3FB13B37548A6 /* Alamofire.framework */ = {isa = PBXFileReference; explicitFileType = wrapper.framework; includeInIndex = 0; path = Alamofire.framework; sourceTree = BUILT_PRODUCTS_DIR; };
		C62D26AEEC90B62D8B6DC826602DD4A9 /* Pods-TripDashboard-umbrella.h */ = {isa = PBXFileReference; includeInIndex = 1; lastKnownFileType = sourcecode.c.h; path = "Pods-TripDashboard-umbrella.h"; sourceTree = "<group>"; };
		C95B50C3F7A280E4D0DFB138A7337EAC /* MultipartFormData.swift */ = {isa = PBXFileReference; includeInIndex = 1; lastKnownFileType = sourcecode.swift; name = MultipartFormData.swift; path = Source/MultipartFormData.swift; sourceTree = "<group>"; };
		C96E2BD26D5B1651854FF56F0DEB6E15 /* Pods-TripDashboard-acknowledgements.plist */ = {isa = PBXFileReference; includeInIndex = 1; lastKnownFileType = text.plist.xml; path = "Pods-TripDashboard-acknowledgements.plist"; sourceTree = "<group>"; };
		CBA8D48B87992D083CA39FF1007C49EA /* GoogleMapsCore.framework */ = {isa = PBXFileReference; lastKnownFileType = wrapper.framework; name = GoogleMapsCore.framework; path = Maps/Frameworks/GoogleMapsCore.framework; sourceTree = "<group>"; };
		D8EC9A05C71C88B7F560343545F786E7 /* Pods-TripDashboard-dummy.m */ = {isa = PBXFileReference; includeInIndex = 1; lastKnownFileType = sourcecode.c.objc; path = "Pods-TripDashboard-dummy.m"; sourceTree = "<group>"; };
		DAEBC33E27340FB9E2B01E9A5F011FAA /* SessionManager.swift */ = {isa = PBXFileReference; includeInIndex = 1; lastKnownFileType = sourcecode.swift; name = SessionManager.swift; path = Source/SessionManager.swift; sourceTree = "<group>"; };
		DB0037DD75DE7343D8343B381D10AB04 /* TaskDelegate.swift */ = {isa = PBXFileReference; includeInIndex = 1; lastKnownFileType = sourcecode.swift; name = TaskDelegate.swift; path = Source/TaskDelegate.swift; sourceTree = "<group>"; };
		DD5DDE5094566097EE526AC1D97DF000 /* AlamofireSwiftyJSON-umbrella.h */ = {isa = PBXFileReference; includeInIndex = 1; lastKnownFileType = sourcecode.c.h; path = "AlamofireSwiftyJSON-umbrella.h"; sourceTree = "<group>"; };
		E719222F99B92538214709DA5FF38783 /* Notifications.swift */ = {isa = PBXFileReference; includeInIndex = 1; lastKnownFileType = sourcecode.swift; name = Notifications.swift; path = Source/Notifications.swift; sourceTree = "<group>"; };
		F2BA1983F70645BC68138F30EF7B21E9 /* Info.plist */ = {isa = PBXFileReference; includeInIndex = 1; lastKnownFileType = text.plist.xml; path = Info.plist; sourceTree = "<group>"; };
		F2F7366BBD178C0AA3180902347ADAF7 /* AlamofireSwiftyJSON-prefix.pch */ = {isa = PBXFileReference; includeInIndex = 1; lastKnownFileType = sourcecode.c.h; path = "AlamofireSwiftyJSON-prefix.pch"; sourceTree = "<group>"; };
		F32995EA0A3C316FD33DD2343597B63A /* Timeline.swift */ = {isa = PBXFileReference; includeInIndex = 1; lastKnownFileType = sourcecode.swift; name = Timeline.swift; path = Source/Timeline.swift; sourceTree = "<group>"; };
		F32B118E550850A516E8ECD891A87750 /* SwiftyJSON.framework */ = {isa = PBXFileReference; explicitFileType = wrapper.framework; includeInIndex = 0; name = SwiftyJSON.framework; path = SwiftyJSON.framework; sourceTree = BUILT_PRODUCTS_DIR; };
		F787441FFE0874843F31D83E8D0DB4BA /* Request.swift */ = {isa = PBXFileReference; includeInIndex = 1; lastKnownFileType = sourcecode.swift; name = Request.swift; path = Source/Request.swift; sourceTree = "<group>"; };
/* End PBXFileReference section */

/* Begin PBXFrameworksBuildPhase section */
		229003D8AA2FC24D450F02A58E1EA5D2 /* Frameworks */ = {
			isa = PBXFrameworksBuildPhase;
			buildActionMask = 2147483647;
			files = (
				87C5C03722DEBE6F410B3C5B6460FE3C /* Alamofire.framework in Frameworks */,
				3B9729AC7C1EA238588B238E8246BA28 /* Foundation.framework in Frameworks */,
				6DC7F9312F5A2D7036531D58527AC26F /* SwiftyJSON.framework in Frameworks */,
			);
			runOnlyForDeploymentPostprocessing = 0;
		};
		8326F98529B21CD1F027F3282C9542B5 /* Frameworks */ = {
			isa = PBXFrameworksBuildPhase;
			buildActionMask = 2147483647;
			files = (
				140EB171AB6B2919D8E954B9031B3266 /* Foundation.framework in Frameworks */,
			);
			runOnlyForDeploymentPostprocessing = 0;
		};
		8DD06B625DFB302A853551293B0AB0B4 /* Frameworks */ = {
			isa = PBXFrameworksBuildPhase;
			buildActionMask = 2147483647;
			files = (
				BB770C619E8D70217DA4B51F5DCA0DFD /* Foundation.framework in Frameworks */,
			);
			runOnlyForDeploymentPostprocessing = 0;
		};
		99195E4207764744AEC07ECCBCD550EB /* Frameworks */ = {
			isa = PBXFrameworksBuildPhase;
			buildActionMask = 2147483647;
			files = (
				73B9C996AED49ED7CF8EC2A6F1738059 /* Foundation.framework in Frameworks */,
			);
			runOnlyForDeploymentPostprocessing = 0;
		};
/* End PBXFrameworksBuildPhase section */

/* Begin PBXGroup section */
		06C44603BB68B9E35CDB7A52AE5E9C57 /* GooglePlaces */ = {
			isa = PBXGroup;
			children = (
				2E6D86DB69708478952C4018434F6CB7 /* Frameworks */,
				E140A5411B7AD704193905545FEBD957 /* Resources */,
			);
			name = GooglePlaces;
			path = GooglePlaces;
			sourceTree = "<group>";
		};
		0AF842A69CDD96A2C89C0A5E8105F03F /* AlamofireSwiftyJSON */ = {
			isa = PBXGroup;
			children = (
				9A09D5754E2B3F5C3C0DE8A8DC85CE92 /* AlamofireSwiftyJSON.swift */,
				F67B9CB0938EA7D34BE58F07142A1E48 /* Support Files */,
			);
			name = AlamofireSwiftyJSON;
			path = AlamofireSwiftyJSON;
			sourceTree = "<group>";
		};
		2BCA638F05EE75103C548C112E337DE1 /* Frameworks */ = {
			isa = PBXGroup;
			children = (
				0E72C1FA6E9A8B57D965CD1B39472D4B /* GoogleMapsBase.framework */,
			);
			name = Frameworks;
			sourceTree = "<group>";
		};
		2C3F8E54BF44D7DB5D25BE20FA1E12B5 /* iOS */ = {
			isa = PBXGroup;
			children = (
				8C208BD2418B38199D932444228512CF /* Foundation.framework */,
			);
			name = iOS;
			sourceTree = "<group>";
		};
		2E6D86DB69708478952C4018434F6CB7 /* Frameworks */ = {
			isa = PBXGroup;
			children = (
				2E5318ACD627085399E78E3919DE599C /* GooglePlaces.framework */,
			);
			name = Frameworks;
			sourceTree = "<group>";
		};
		4BAB28AA753577A2788CC0550D4EE0E5 /* Pods-TripDashboard */ = {
			isa = PBXGroup;
			children = (
				174F9290273DE84078A31D8C9D65C82E /* Info.plist */,
				3491064647F21B73C39B82196A6E18A7 /* Pods-TripDashboard.modulemap */,
				3FACB74CE8623AC7406EBBE562D47AFE /* Pods-TripDashboard-acknowledgements.markdown */,
				C96E2BD26D5B1651854FF56F0DEB6E15 /* Pods-TripDashboard-acknowledgements.plist */,
				D8EC9A05C71C88B7F560343545F786E7 /* Pods-TripDashboard-dummy.m */,
				18624958654174E5C578D970FEC76DF9 /* Pods-TripDashboard-frameworks.sh */,
				37C219F31C5BFF48BAA060ACCC119745 /* Pods-TripDashboard-resources.sh */,
				C62D26AEEC90B62D8B6DC826602DD4A9 /* Pods-TripDashboard-umbrella.h */,
				AA0FAE9DC6BAA2D090B31F6C9DBE9598 /* Pods-TripDashboard.debug.xcconfig */,
				29187F084D4EBF94B5B72B902D26D320 /* Pods-TripDashboard.release.xcconfig */,
			);
			name = "Pods-TripDashboard";
			path = "Target Support Files/Pods-TripDashboard";
			sourceTree = "<group>";
		};
		50F2F10A60B37DBB46BAF73619B25436 /* Support Files */ = {
			isa = PBXGroup;
			children = (
				53F6878D92C093EB0C2C1E40EEC1C3B6 /* Info.plist */,
				B2B363220AD9D275685A01B1263BAA91 /* SwiftyJSON.modulemap */,
				72A705020E9247CD23BE46AD62A45F6D /* SwiftyJSON.xcconfig */,
				98B23E6235978035A994060AF220CBBB /* SwiftyJSON-dummy.m */,
				C1785F62998A6BD19437F2ABE712F258 /* SwiftyJSON-prefix.pch */,
				B4359D6CDAB5997C535037F6C41E384D /* SwiftyJSON-umbrella.h */,
			);
			name = "Support Files";
			path = "../Target Support Files/SwiftyJSON";
			sourceTree = "<group>";
		};
		57CBF91F60072B6887C1986F84C5735F /* Frameworks */ = {
			isa = PBXGroup;
			children = (
				350088340B1AC08E2B9FFEFAA7816CDF /* GoogleMaps.framework */,
				CBA8D48B87992D083CA39FF1007C49EA /* GoogleMapsCore.framework */,
			);
			name = Frameworks;
			sourceTree = "<group>";
		};
		6DA8E50CF4CF5A664D44B802D474C9B4 /* Resources */ = {
			isa = PBXGroup;
			children = (
				6AFA20F172C5A0D37762CA2F391C5855 /* GoogleMaps.bundle */,
			);
			name = Resources;
			sourceTree = "<group>";
		};
		6F25E97663580A81F912820F5BA06F5D /* Targets Support Files */ = {
			isa = PBXGroup;
			children = (
				4BAB28AA753577A2788CC0550D4EE0E5 /* Pods-TripDashboard */,
			);
			name = "Targets Support Files";
			sourceTree = "<group>";
		};
		740746CA1FE4486E432D9420E4298BEB /* SwiftyJSON */ = {
			isa = PBXGroup;
			children = (
				A27694B94F0BA98D2743B4327E08E212 /* SwiftyJSON.swift */,
				50F2F10A60B37DBB46BAF73619B25436 /* Support Files */,
			);
			name = SwiftyJSON;
			path = SwiftyJSON;
			sourceTree = "<group>";
		};
		7DB346D0F39D3F0E887471402A8071AB = {
			isa = PBXGroup;
			children = (
				93A4A3777CF96A4AAC1D13BA6DCCEA73 /* Podfile */,
				9ACB7A3E4C9AA8D8F0D87E89EA22F83C /* Frameworks */,
				A93110F728F8B0E7B1C01E31313D9576 /* Pods */,
				CE009B38C24BC28C23E476E62F9E0CEA /* Products */,
				6F25E97663580A81F912820F5BA06F5D /* Targets Support Files */,
			);
			sourceTree = "<group>";
		};
		9ACB7A3E4C9AA8D8F0D87E89EA22F83C /* Frameworks */ = {
			isa = PBXGroup;
			children = (
				C57542A837C5B77A7BB3FB13B37548A6 /* Alamofire.framework */,
				32059BC369D7FCF1B2F950DF30BE51C3 /* SwiftyJSON.framework */,
				2C3F8E54BF44D7DB5D25BE20FA1E12B5 /* iOS */,
			);
			name = Frameworks;
			sourceTree = "<group>";
		};
		A93110F728F8B0E7B1C01E31313D9576 /* Pods */ = {
			isa = PBXGroup;
			children = (
				BA884AA20103A9F10A4C460F16495F9C /* Alamofire */,
				0AF842A69CDD96A2C89C0A5E8105F03F /* AlamofireSwiftyJSON */,
				C0CED78FC9BCD310D11FB02B6B2BD99B /* GoogleMaps */,
				06C44603BB68B9E35CDB7A52AE5E9C57 /* GooglePlaces */,
				740746CA1FE4486E432D9420E4298BEB /* SwiftyJSON */,
			);
			name = Pods;
			sourceTree = "<group>";
		};
		BA884AA20103A9F10A4C460F16495F9C /* Alamofire */ = {
			isa = PBXGroup;
			children = (
				0890D15C1377CAE7D7319F54B0B915C2 /* AFError.swift */,
				8C8C557053035EF9FDF608D3E86FF0BC /* Alamofire.swift */,
				074F285B0E719C08A4419CD053CB00A6 /* DispatchQueue+Alamofire.swift */,
				C95B50C3F7A280E4D0DFB138A7337EAC /* MultipartFormData.swift */,
				250E528BB2A3A2117EDF98F1156B4490 /* NetworkReachabilityManager.swift */,
				E719222F99B92538214709DA5FF38783 /* Notifications.swift */,
				C4372619AA16C958FDF98C1F38AFFB89 /* ParameterEncoding.swift */,
				F787441FFE0874843F31D83E8D0DB4BA /* Request.swift */,
				A98BE053ED627AC2B84685E634988BC9 /* Response.swift */,
				4F845083512ADFB69AD058D26A74DACC /* ResponseSerialization.swift */,
				7C0D50B2855CAAB17F397AA39E4ADC99 /* Result.swift */,
				4E0E577ABE2EB6FEBF5E1C0D6D534BBE /* ServerTrustPolicy.swift */,
				6EFE1B3C49748E2BABF432015E521EA0 /* SessionDelegate.swift */,
				DAEBC33E27340FB9E2B01E9A5F011FAA /* SessionManager.swift */,
				DB0037DD75DE7343D8343B381D10AB04 /* TaskDelegate.swift */,
				F32995EA0A3C316FD33DD2343597B63A /* Timeline.swift */,
				12B6C501B9F5F604F697BB372B07BB09 /* Validation.swift */,
				FBCB8FC2C9C9C892F13B47118B3E797A /* Support Files */,
			);
			name = Alamofire;
			path = Alamofire;
			sourceTree = "<group>";
		};
		C0CED78FC9BCD310D11FB02B6B2BD99B /* GoogleMaps */ = {
			isa = PBXGroup;
			children = (
				DBDBD40EDFC7F0D8A5487E276FBD5259 /* Base */,
				CA45C7F65FCEC4EA551825ADEFD717FC /* Maps */,
			);
			name = GoogleMaps;
			path = GoogleMaps;
			sourceTree = "<group>";
		};
		CA45C7F65FCEC4EA551825ADEFD717FC /* Maps */ = {
			isa = PBXGroup;
			children = (
				57CBF91F60072B6887C1986F84C5735F /* Frameworks */,
				6DA8E50CF4CF5A664D44B802D474C9B4 /* Resources */,
			);
			name = Maps;
			sourceTree = "<group>";
		};
		CE009B38C24BC28C23E476E62F9E0CEA /* Products */ = {
			isa = PBXGroup;
			children = (
				824911188602F009F4A9D1BE55D96497 /* Alamofire.framework */,
				12E3ADA3AC2C97C378617D43FC175D6E /* AlamofireSwiftyJSON.framework */,
				476A6420A936FD9A0CC18442D76E7837 /* Pods_TripDashboard.framework */,
				F32B118E550850A516E8ECD891A87750 /* SwiftyJSON.framework */,
			);
			name = Products;
			sourceTree = "<group>";
		};
		DBDBD40EDFC7F0D8A5487E276FBD5259 /* Base */ = {
			isa = PBXGroup;
			children = (
				2BCA638F05EE75103C548C112E337DE1 /* Frameworks */,
			);
			name = Base;
			sourceTree = "<group>";
		};
		E140A5411B7AD704193905545FEBD957 /* Resources */ = {
			isa = PBXGroup;
			children = (
				066FDE82A03C34374DC17B3C512B93D2 /* GooglePlaces.bundle */,
			);
			name = Resources;
			sourceTree = "<group>";
		};
		F67B9CB0938EA7D34BE58F07142A1E48 /* Support Files */ = {
			isa = PBXGroup;
			children = (
				B8E70189DD7D158243D598E26755FC04 /* AlamofireSwiftyJSON.modulemap */,
				A14D47DA34AD322DE60200B957F20583 /* AlamofireSwiftyJSON.xcconfig */,
				BCBD6F52208EBD173E1001DFA9C132B6 /* AlamofireSwiftyJSON-dummy.m */,
				F2F7366BBD178C0AA3180902347ADAF7 /* AlamofireSwiftyJSON-prefix.pch */,
				DD5DDE5094566097EE526AC1D97DF000 /* AlamofireSwiftyJSON-umbrella.h */,
				0DB5655A22BDD83F1A13B604F63D97AF /* Info.plist */,
			);
			name = "Support Files";
			path = "../Target Support Files/AlamofireSwiftyJSON";
			sourceTree = "<group>";
		};
		FBCB8FC2C9C9C892F13B47118B3E797A /* Support Files */ = {
			isa = PBXGroup;
			children = (
				7DA331E13BD7A7196B7EA5E00E10168E /* Alamofire.modulemap */,
				0F7AA3866A09727B23611738315C332F /* Alamofire.xcconfig */,
				70E36CFB8380DE82BD033409325A18A6 /* Alamofire-dummy.m */,
				13A9C81C616372754A8D604EE6A8A333 /* Alamofire-prefix.pch */,
				17E26D39EC9E0489BFF8CE8DB6E0D860 /* Alamofire-umbrella.h */,
				F2BA1983F70645BC68138F30EF7B21E9 /* Info.plist */,
			);
			name = "Support Files";
			path = "../Target Support Files/Alamofire";
			sourceTree = "<group>";
		};
/* End PBXGroup section */

/* Begin PBXHeadersBuildPhase section */
		2B51BF151A54603393124D18436DF600 /* Headers */ = {
			isa = PBXHeadersBuildPhase;
			buildActionMask = 2147483647;
			files = (
				A38D962EE56C4375E6D2EDFB53734E6B /* Pods-TripDashboard-umbrella.h in Headers */,
			);
			runOnlyForDeploymentPostprocessing = 0;
		};
		3D3CACB7864BED7F83E4ADEDE0D6EE4D /* Headers */ = {
			isa = PBXHeadersBuildPhase;
			buildActionMask = 2147483647;
			files = (
				5068EA401BAAC807CB5699005DEF8E03 /* SwiftyJSON-umbrella.h in Headers */,
			);
			runOnlyForDeploymentPostprocessing = 0;
		};
		B4002B6E97835FDCCAA5963EFE09A3E0 /* Headers */ = {
			isa = PBXHeadersBuildPhase;
			buildActionMask = 2147483647;
			files = (
				1B9EDEDC964E6B08F78920B4F4B9DB84 /* Alamofire-umbrella.h in Headers */,
			);
			runOnlyForDeploymentPostprocessing = 0;
		};
		D5C9442E4D341BC38656D3EF6CE7F323 /* Headers */ = {
			isa = PBXHeadersBuildPhase;
			buildActionMask = 2147483647;
			files = (
				77C5A81B67F4C3A2890826E534AF53DD /* AlamofireSwiftyJSON-umbrella.h in Headers */,
			);
			runOnlyForDeploymentPostprocessing = 0;
		};
/* End PBXHeadersBuildPhase section */

/* Begin PBXNativeTarget section */
		61E5C1379DC63FAC57AF48F891CFB123 /* AlamofireSwiftyJSON */ = {
			isa = PBXNativeTarget;
			buildConfigurationList = DCCE50C77ACBD367E99B830BA1F92670 /* Build configuration list for PBXNativeTarget "AlamofireSwiftyJSON" */;
			buildPhases = (
				FE667750AC3EE5E6C357274D08062245 /* Sources */,
				229003D8AA2FC24D450F02A58E1EA5D2 /* Frameworks */,
				D5C9442E4D341BC38656D3EF6CE7F323 /* Headers */,
			);
			buildRules = (
			);
			dependencies = (
				F8E3977BAA922212CA0F1481E19D85F5 /* PBXTargetDependency */,
				FFC9EF8F219B1A13E2061AAE04196C7D /* PBXTargetDependency */,
			);
			name = AlamofireSwiftyJSON;
			productName = AlamofireSwiftyJSON;
			productReference = 12E3ADA3AC2C97C378617D43FC175D6E /* AlamofireSwiftyJSON.framework */;
			productType = "com.apple.product-type.framework";
		};
		88E9EC28B8B46C3631E6B242B50F4442 /* Alamofire */ = {
			isa = PBXNativeTarget;
			buildConfigurationList = 419E5D95491847CD79841B971A8A3277 /* Build configuration list for PBXNativeTarget "Alamofire" */;
			buildPhases = (
				32B9974868188C4803318E36329C87FE /* Sources */,
				99195E4207764744AEC07ECCBCD550EB /* Frameworks */,
				B4002B6E97835FDCCAA5963EFE09A3E0 /* Headers */,
			);
			buildRules = (
			);
			dependencies = (
			);
			name = Alamofire;
			productName = Alamofire;
			productReference = 824911188602F009F4A9D1BE55D96497 /* Alamofire.framework */;
			productType = "com.apple.product-type.framework";
		};
		BCA9C7AC0BABAB8633288B729C12C477 /* Pods-TripDashboard */ = {
			isa = PBXNativeTarget;
			buildConfigurationList = 03A78A24C806FD2848698A41077385BD /* Build configuration list for PBXNativeTarget "Pods-TripDashboard" */;
			buildPhases = (
				5D98E8697D164E63A9A3B073599386DE /* Sources */,
				8326F98529B21CD1F027F3282C9542B5 /* Frameworks */,
				2B51BF151A54603393124D18436DF600 /* Headers */,
			);
			buildRules = (
			);
			dependencies = (
				0C01FD9DF6678B5D1F153C746BCF2AC4 /* PBXTargetDependency */,
				750E2CD237018B54FB48396746D0939E /* PBXTargetDependency */,
				FEC55D31F5FB0876CD6CFA2B2A991C85 /* PBXTargetDependency */,
			);
			name = "Pods-TripDashboard";
			productName = "Pods-TripDashboard";
			productReference = 476A6420A936FD9A0CC18442D76E7837 /* Pods_TripDashboard.framework */;
			productType = "com.apple.product-type.framework";
		};
		C68748E71A3DDB40B0AAF4BC0A8F9030 /* SwiftyJSON */ = {
			isa = PBXNativeTarget;
			buildConfigurationList = EB8E706BCD309B61E67B4B6956F61DCA /* Build configuration list for PBXNativeTarget "SwiftyJSON" */;
			buildPhases = (
				6ADC89DA0DB8AAD7550B08A75014E0BB /* Sources */,
				8DD06B625DFB302A853551293B0AB0B4 /* Frameworks */,
				3D3CACB7864BED7F83E4ADEDE0D6EE4D /* Headers */,
			);
			buildRules = (
			);
			dependencies = (
			);
			name = SwiftyJSON;
			productName = SwiftyJSON;
			productReference = F32B118E550850A516E8ECD891A87750 /* SwiftyJSON.framework */;
			productType = "com.apple.product-type.framework";
		};
/* End PBXNativeTarget section */

/* Begin PBXProject section */
		D41D8CD98F00B204E9800998ECF8427E /* Project object */ = {
			isa = PBXProject;
			attributes = {
				LastSwiftUpdateCheck = 0830;
				LastUpgradeCheck = 0700;
			};
			buildConfigurationList = 2D8E8EC45A3A1A1D94AE762CB5028504 /* Build configuration list for PBXProject "Pods" */;
			compatibilityVersion = "Xcode 3.2";
			developmentRegion = English;
			hasScannedForEncodings = 0;
			knownRegions = (
				en,
			);
			mainGroup = 7DB346D0F39D3F0E887471402A8071AB;
			productRefGroup = CE009B38C24BC28C23E476E62F9E0CEA /* Products */;
			projectDirPath = "";
			projectRoot = "";
			targets = (
				88E9EC28B8B46C3631E6B242B50F4442 /* Alamofire */,
				61E5C1379DC63FAC57AF48F891CFB123 /* AlamofireSwiftyJSON */,
				BCA9C7AC0BABAB8633288B729C12C477 /* Pods-TripDashboard */,
				C68748E71A3DDB40B0AAF4BC0A8F9030 /* SwiftyJSON */,
			);
		};
/* End PBXProject section */

/* Begin PBXSourcesBuildPhase section */
		32B9974868188C4803318E36329C87FE /* Sources */ = {
			isa = PBXSourcesBuildPhase;
			buildActionMask = 2147483647;
			files = (
				9ED2BB2981896E0A39EFA365503F58CE /* AFError.swift in Sources */,
				A9EEEA7477981DEEBC72432DE9990A4B /* Alamofire-dummy.m in Sources */,
				F8B3D3092ED0417E8CDF32033F6122F5 /* Alamofire.swift in Sources */,
				61200D01A1855D7920CEF835C8BE00B0 /* DispatchQueue+Alamofire.swift in Sources */,
				B65FCF589DA398C3EFE0128064E510EC /* MultipartFormData.swift in Sources */,
				A2A6F71B727312BD45CC7A4AAD7B0AB7 /* NetworkReachabilityManager.swift in Sources */,
				EFD264FC408EBF3BA2528E70B08DDD94 /* Notifications.swift in Sources */,
				BE5C67A07E289FE1F9BE27335B159997 /* ParameterEncoding.swift in Sources */,
				5387216E723A3C68E851CA15573CDD71 /* Request.swift in Sources */,
				CB6D60925223897FFA2662667DF83E8A /* Response.swift in Sources */,
				F6BECD98B97CBFEBE2C96F0E9E72A6C0 /* ResponseSerialization.swift in Sources */,
				7D8CC01E8C9EFFF9F4D65406CDE0AB66 /* Result.swift in Sources */,
				62F65AD8DC4F0F9610F4B8B4738EC094 /* ServerTrustPolicy.swift in Sources */,
				7B5FE28C7EA4122B0598738E54DBEBD8 /* SessionDelegate.swift in Sources */,
				AE1EF48399533730D0066E04B22CA2D6 /* SessionManager.swift in Sources */,
				3626B94094672CB1C9DEA32B9F9502E1 /* TaskDelegate.swift in Sources */,
				10EB23E9ECC4B33E16933BB1EA560B6A /* Timeline.swift in Sources */,
				BBEFE2F9CEB73DC7BD97FFA66A0D9D4F /* Validation.swift in Sources */,
			);
			runOnlyForDeploymentPostprocessing = 0;
		};
		5D98E8697D164E63A9A3B073599386DE /* Sources */ = {
			isa = PBXSourcesBuildPhase;
			buildActionMask = 2147483647;
			files = (
				AD9034EDF94A94586D300FA9EB22BFFF /* Pods-TripDashboard-dummy.m in Sources */,
			);
			runOnlyForDeploymentPostprocessing = 0;
		};
		6ADC89DA0DB8AAD7550B08A75014E0BB /* Sources */ = {
			isa = PBXSourcesBuildPhase;
			buildActionMask = 2147483647;
			files = (
				20FFCB796689940613A141013D758B10 /* SwiftyJSON-dummy.m in Sources */,
				A5CE453D368326CCFE2ECA3034306EAA /* SwiftyJSON.swift in Sources */,
			);
			runOnlyForDeploymentPostprocessing = 0;
		};
		FE667750AC3EE5E6C357274D08062245 /* Sources */ = {
			isa = PBXSourcesBuildPhase;
			buildActionMask = 2147483647;
			files = (
				4E59744DDACFECB37D3531E504228AA1 /* AlamofireSwiftyJSON-dummy.m in Sources */,
				59BE44195191D46A245AAB3F8B5BA4A4 /* AlamofireSwiftyJSON.swift in Sources */,
			);
			runOnlyForDeploymentPostprocessing = 0;
		};
/* End PBXSourcesBuildPhase section */

/* Begin PBXTargetDependency section */
		0C01FD9DF6678B5D1F153C746BCF2AC4 /* PBXTargetDependency */ = {
			isa = PBXTargetDependency;
			name = Alamofire;
			target = 88E9EC28B8B46C3631E6B242B50F4442 /* Alamofire */;
			targetProxy = 08AC147F0D1E53353A511FDD92E07BA2 /* PBXContainerItemProxy */;
		};
		750E2CD237018B54FB48396746D0939E /* PBXTargetDependency */ = {
			isa = PBXTargetDependency;
			name = AlamofireSwiftyJSON;
			target = 61E5C1379DC63FAC57AF48F891CFB123 /* AlamofireSwiftyJSON */;
			targetProxy = 46919FFD7FDDF0B528174D4A3E346A30 /* PBXContainerItemProxy */;
		};
		F8E3977BAA922212CA0F1481E19D85F5 /* PBXTargetDependency */ = {
			isa = PBXTargetDependency;
			name = Alamofire;
			target = 88E9EC28B8B46C3631E6B242B50F4442 /* Alamofire */;
			targetProxy = 9FDAF5C6C834BA59530A0169BB8EB750 /* PBXContainerItemProxy */;
		};
		FEC55D31F5FB0876CD6CFA2B2A991C85 /* PBXTargetDependency */ = {
			isa = PBXTargetDependency;
			name = SwiftyJSON;
			target = C68748E71A3DDB40B0AAF4BC0A8F9030 /* SwiftyJSON */;
			targetProxy = 1B624CA524188329E6596BF9C9139E28 /* PBXContainerItemProxy */;
		};
		FFC9EF8F219B1A13E2061AAE04196C7D /* PBXTargetDependency */ = {
			isa = PBXTargetDependency;
			name = SwiftyJSON;
			target = C68748E71A3DDB40B0AAF4BC0A8F9030 /* SwiftyJSON */;
			targetProxy = F6814470266156FFDECCFBF764C454DA /* PBXContainerItemProxy */;
		};
/* End PBXTargetDependency section */

/* Begin XCBuildConfiguration section */
		119D21964B0290AB5AECA6AED0CB80FB /* Debug */ = {
			isa = XCBuildConfiguration;
			baseConfigurationReference = A14D47DA34AD322DE60200B957F20583 /* AlamofireSwiftyJSON.xcconfig */;
			buildSettings = {
				CODE_SIGN_IDENTITY = "";
				"CODE_SIGN_IDENTITY[sdk=appletvos*]" = "";
				"CODE_SIGN_IDENTITY[sdk=iphoneos*]" = "";
				"CODE_SIGN_IDENTITY[sdk=watchos*]" = "";
				CURRENT_PROJECT_VERSION = 1;
				DEBUG_INFORMATION_FORMAT = dwarf;
				DEFINES_MODULE = YES;
				DYLIB_COMPATIBILITY_VERSION = 1;
				DYLIB_CURRENT_VERSION = 1;
				DYLIB_INSTALL_NAME_BASE = "@rpath";
				ENABLE_STRICT_OBJC_MSGSEND = YES;
				GCC_NO_COMMON_BLOCKS = YES;
				GCC_PREFIX_HEADER = "Target Support Files/AlamofireSwiftyJSON/AlamofireSwiftyJSON-prefix.pch";
				INFOPLIST_FILE = "Target Support Files/AlamofireSwiftyJSON/Info.plist";
				INSTALL_PATH = "$(LOCAL_LIBRARY_DIR)/Frameworks";
				IPHONEOS_DEPLOYMENT_TARGET = 8.0;
				LD_RUNPATH_SEARCH_PATHS = "$(inherited) @executable_path/Frameworks @loader_path/Frameworks";
				MODULEMAP_FILE = "Target Support Files/AlamofireSwiftyJSON/AlamofireSwiftyJSON.modulemap";
				MTL_ENABLE_DEBUG_INFO = YES;
				PRODUCT_NAME = AlamofireSwiftyJSON;
				SDKROOT = iphoneos;
				SKIP_INSTALL = YES;
				SWIFT_ACTIVE_COMPILATION_CONDITIONS = DEBUG;
				SWIFT_OPTIMIZATION_LEVEL = "-Onone";
				SWIFT_VERSION = 3.0;
				TARGETED_DEVICE_FAMILY = "1,2";
				VERSIONING_SYSTEM = "apple-generic";
				VERSION_INFO_PREFIX = "";
			};
			name = Debug;
		};
		1426A3548063DF904E5E3E0775EF08CA /* Release */ = {
			isa = XCBuildConfiguration;
			baseConfigurationReference = 29187F084D4EBF94B5B72B902D26D320 /* Pods-TripDashboard.release.xcconfig */;
			buildSettings = {
				CODE_SIGN_IDENTITY = "";
				"CODE_SIGN_IDENTITY[sdk=appletvos*]" = "";
				"CODE_SIGN_IDENTITY[sdk=iphoneos*]" = "";
				"CODE_SIGN_IDENTITY[sdk=watchos*]" = "";
				CURRENT_PROJECT_VERSION = 1;
				DEBUG_INFORMATION_FORMAT = "dwarf-with-dsym";
				DEFINES_MODULE = YES;
				DYLIB_COMPATIBILITY_VERSION = 1;
				DYLIB_CURRENT_VERSION = 1;
				DYLIB_INSTALL_NAME_BASE = "@rpath";
				ENABLE_STRICT_OBJC_MSGSEND = YES;
				GCC_NO_COMMON_BLOCKS = YES;
				INFOPLIST_FILE = "Target Support Files/Pods-TripDashboard/Info.plist";
				INSTALL_PATH = "$(LOCAL_LIBRARY_DIR)/Frameworks";
				IPHONEOS_DEPLOYMENT_TARGET = 10.3;
				LD_RUNPATH_SEARCH_PATHS = "$(inherited) @executable_path/Frameworks @loader_path/Frameworks";
				MACH_O_TYPE = staticlib;
				MODULEMAP_FILE = "Target Support Files/Pods-TripDashboard/Pods-TripDashboard.modulemap";
				MTL_ENABLE_DEBUG_INFO = NO;
				OTHER_LDFLAGS = "";
				OTHER_LIBTOOLFLAGS = "";
				PODS_ROOT = "$(SRCROOT)";
				PRODUCT_BUNDLE_IDENTIFIER = "org.cocoapods.${PRODUCT_NAME:rfc1034identifier}";
				PRODUCT_NAME = Pods_TripDashboard;
				SDKROOT = iphoneos;
				SKIP_INSTALL = YES;
				SWIFT_OPTIMIZATION_LEVEL = "-Owholemodule";
				SWIFT_VERSION = 3.0;
				TARGETED_DEVICE_FAMILY = "1,2";
				VERSIONING_SYSTEM = "apple-generic";
				VERSION_INFO_PREFIX = "";
			};
			name = Release;
		};
		163D87BE96A63549B0EACF1CC31A2E90 /* Debug */ = {
			isa = XCBuildConfiguration;
			buildSettings = {
				ALWAYS_SEARCH_USER_PATHS = NO;
				CLANG_ANALYZER_NONNULL = YES;
				CLANG_ANALYZER_NUMBER_OBJECT_CONVERSION = YES;
				CLANG_CXX_LANGUAGE_STANDARD = "gnu++0x";
				CLANG_CXX_LIBRARY = "libc++";
				CLANG_ENABLE_MODULES = YES;
				CLANG_ENABLE_OBJC_ARC = YES;
				CLANG_WARN_BOOL_CONVERSION = YES;
				CLANG_WARN_CONSTANT_CONVERSION = YES;
				CLANG_WARN_DIRECT_OBJC_ISA_USAGE = YES;
				CLANG_WARN_DOCUMENTATION_COMMENTS = YES;
				CLANG_WARN_EMPTY_BODY = YES;
				CLANG_WARN_ENUM_CONVERSION = YES;
				CLANG_WARN_INFINITE_RECURSION = YES;
				CLANG_WARN_INT_CONVERSION = YES;
				CLANG_WARN_OBJC_ROOT_CLASS = YES;
				CLANG_WARN_SUSPICIOUS_MOVE = YES;
				CLANG_WARN_UNREACHABLE_CODE = YES;
				CLANG_WARN__DUPLICATE_METHOD_MATCH = YES;
				CODE_SIGNING_REQUIRED = NO;
				COPY_PHASE_STRIP = NO;
				ENABLE_TESTABILITY = YES;
				GCC_C_LANGUAGE_STANDARD = gnu99;
				GCC_DYNAMIC_NO_PIC = NO;
				GCC_OPTIMIZATION_LEVEL = 0;
				GCC_PREPROCESSOR_DEFINITIONS = (
					"POD_CONFIGURATION_DEBUG=1",
					"DEBUG=1",
					"$(inherited)",
				);
				GCC_SYMBOLS_PRIVATE_EXTERN = NO;
				GCC_WARN_64_TO_32_BIT_CONVERSION = YES;
				GCC_WARN_ABOUT_RETURN_TYPE = YES;
				GCC_WARN_UNDECLARED_SELECTOR = YES;
				GCC_WARN_UNINITIALIZED_AUTOS = YES;
				GCC_WARN_UNUSED_FUNCTION = YES;
				GCC_WARN_UNUSED_VARIABLE = YES;
				IPHONEOS_DEPLOYMENT_TARGET = 10.3;
				ONLY_ACTIVE_ARCH = YES;
				PROVISIONING_PROFILE_SPECIFIER = NO_SIGNING/;
				STRIP_INSTALLED_PRODUCT = NO;
				SYMROOT = "${SRCROOT}/../build";
			};
			name = Debug;
		};
		2CD68D026C20DFEF94FC23FCEFD051CC /* Debug */ = {
			isa = XCBuildConfiguration;
			baseConfigurationReference = AA0FAE9DC6BAA2D090B31F6C9DBE9598 /* Pods-TripDashboard.debug.xcconfig */;
			buildSettings = {
				CODE_SIGN_IDENTITY = "";
				"CODE_SIGN_IDENTITY[sdk=appletvos*]" = "";
				"CODE_SIGN_IDENTITY[sdk=iphoneos*]" = "";
				"CODE_SIGN_IDENTITY[sdk=watchos*]" = "";
				CURRENT_PROJECT_VERSION = 1;
				DEBUG_INFORMATION_FORMAT = dwarf;
				DEFINES_MODULE = YES;
				DYLIB_COMPATIBILITY_VERSION = 1;
				DYLIB_CURRENT_VERSION = 1;
				DYLIB_INSTALL_NAME_BASE = "@rpath";
				ENABLE_STRICT_OBJC_MSGSEND = YES;
				GCC_NO_COMMON_BLOCKS = YES;
				INFOPLIST_FILE = "Target Support Files/Pods-TripDashboard/Info.plist";
				INSTALL_PATH = "$(LOCAL_LIBRARY_DIR)/Frameworks";
				IPHONEOS_DEPLOYMENT_TARGET = 10.3;
				LD_RUNPATH_SEARCH_PATHS = "$(inherited) @executable_path/Frameworks @loader_path/Frameworks";
				MACH_O_TYPE = staticlib;
				MODULEMAP_FILE = "Target Support Files/Pods-TripDashboard/Pods-TripDashboard.modulemap";
				MTL_ENABLE_DEBUG_INFO = YES;
				OTHER_LDFLAGS = "";
				OTHER_LIBTOOLFLAGS = "";
				PODS_ROOT = "$(SRCROOT)";
				PRODUCT_BUNDLE_IDENTIFIER = "org.cocoapods.${PRODUCT_NAME:rfc1034identifier}";
				PRODUCT_NAME = Pods_TripDashboard;
				SDKROOT = iphoneos;
				SKIP_INSTALL = YES;
				SWIFT_ACTIVE_COMPILATION_CONDITIONS = DEBUG;
				SWIFT_OPTIMIZATION_LEVEL = "-Onone";
				SWIFT_VERSION = 3.0;
				TARGETED_DEVICE_FAMILY = "1,2";
				VERSIONING_SYSTEM = "apple-generic";
				VERSION_INFO_PREFIX = "";
			};
			name = Debug;
		};
		707B86CFB21B645E37109F39754D4051 /* Release */ = {
			isa = XCBuildConfiguration;
			buildSettings = {
				ALWAYS_SEARCH_USER_PATHS = NO;
				CLANG_ANALYZER_NONNULL = YES;
				CLANG_ANALYZER_NUMBER_OBJECT_CONVERSION = YES;
				CLANG_CXX_LANGUAGE_STANDARD = "gnu++0x";
				CLANG_CXX_LIBRARY = "libc++";
				CLANG_ENABLE_MODULES = YES;
				CLANG_ENABLE_OBJC_ARC = YES;
				CLANG_WARN_BOOL_CONVERSION = YES;
				CLANG_WARN_CONSTANT_CONVERSION = YES;
				CLANG_WARN_DIRECT_OBJC_ISA_USAGE = YES;
				CLANG_WARN_DOCUMENTATION_COMMENTS = YES;
				CLANG_WARN_EMPTY_BODY = YES;
				CLANG_WARN_ENUM_CONVERSION = YES;
				CLANG_WARN_INFINITE_RECURSION = YES;
				CLANG_WARN_INT_CONVERSION = YES;
				CLANG_WARN_OBJC_ROOT_CLASS = YES;
				CLANG_WARN_SUSPICIOUS_MOVE = YES;
				CLANG_WARN_UNREACHABLE_CODE = YES;
				CLANG_WARN__DUPLICATE_METHOD_MATCH = YES;
				CODE_SIGNING_REQUIRED = NO;
				COPY_PHASE_STRIP = YES;
				ENABLE_NS_ASSERTIONS = NO;
				GCC_C_LANGUAGE_STANDARD = gnu99;
				GCC_PREPROCESSOR_DEFINITIONS = (
					"POD_CONFIGURATION_RELEASE=1",
					"$(inherited)",
				);
				GCC_WARN_64_TO_32_BIT_CONVERSION = YES;
				GCC_WARN_ABOUT_RETURN_TYPE = YES;
				GCC_WARN_UNDECLARED_SELECTOR = YES;
				GCC_WARN_UNINITIALIZED_AUTOS = YES;
				GCC_WARN_UNUSED_FUNCTION = YES;
				GCC_WARN_UNUSED_VARIABLE = YES;
				IPHONEOS_DEPLOYMENT_TARGET = 10.3;
				PROVISIONING_PROFILE_SPECIFIER = NO_SIGNING/;
				STRIP_INSTALLED_PRODUCT = NO;
				SYMROOT = "${SRCROOT}/../build";
				VALIDATE_PRODUCT = YES;
			};
			name = Release;
		};
		7D072D0D174F12EAACC1862DA756E67A /* Release */ = {
			isa = XCBuildConfiguration;
			baseConfigurationReference = 0F7AA3866A09727B23611738315C332F /* Alamofire.xcconfig */;
			buildSettings = {
				CODE_SIGN_IDENTITY = "";
				"CODE_SIGN_IDENTITY[sdk=appletvos*]" = "";
				"CODE_SIGN_IDENTITY[sdk=iphoneos*]" = "";
				"CODE_SIGN_IDENTITY[sdk=watchos*]" = "";
				CURRENT_PROJECT_VERSION = 1;
				DEBUG_INFORMATION_FORMAT = "dwarf-with-dsym";
				DEFINES_MODULE = YES;
				DYLIB_COMPATIBILITY_VERSION = 1;
				DYLIB_CURRENT_VERSION = 1;
				DYLIB_INSTALL_NAME_BASE = "@rpath";
				ENABLE_STRICT_OBJC_MSGSEND = YES;
				GCC_NO_COMMON_BLOCKS = YES;
				GCC_PREFIX_HEADER = "Target Support Files/Alamofire/Alamofire-prefix.pch";
				INFOPLIST_FILE = "Target Support Files/Alamofire/Info.plist";
				INSTALL_PATH = "$(LOCAL_LIBRARY_DIR)/Frameworks";
				IPHONEOS_DEPLOYMENT_TARGET = 8.0;
				LD_RUNPATH_SEARCH_PATHS = "$(inherited) @executable_path/Frameworks @loader_path/Frameworks";
				MODULEMAP_FILE = "Target Support Files/Alamofire/Alamofire.modulemap";
				MTL_ENABLE_DEBUG_INFO = NO;
				PRODUCT_NAME = Alamofire;
				SDKROOT = iphoneos;
				SKIP_INSTALL = YES;
				SWIFT_OPTIMIZATION_LEVEL = "-Owholemodule";
				SWIFT_VERSION = 3.0;
				TARGETED_DEVICE_FAMILY = "1,2";
				VERSIONING_SYSTEM = "apple-generic";
				VERSION_INFO_PREFIX = "";
			};
			name = Release;
		};
		A93673E1A66EC43179C61D48E72CD80E /* Debug */ = {
			isa = XCBuildConfiguration;
			baseConfigurationReference = 72A705020E9247CD23BE46AD62A45F6D /* SwiftyJSON.xcconfig */;
			buildSettings = {
				CODE_SIGN_IDENTITY = "";
				"CODE_SIGN_IDENTITY[sdk=appletvos*]" = "";
				"CODE_SIGN_IDENTITY[sdk=iphoneos*]" = "";
				"CODE_SIGN_IDENTITY[sdk=watchos*]" = "";
				CURRENT_PROJECT_VERSION = 1;
				DEBUG_INFORMATION_FORMAT = dwarf;
				DEFINES_MODULE = YES;
				DYLIB_COMPATIBILITY_VERSION = 1;
				DYLIB_CURRENT_VERSION = 1;
				DYLIB_INSTALL_NAME_BASE = "@rpath";
				ENABLE_STRICT_OBJC_MSGSEND = YES;
				GCC_NO_COMMON_BLOCKS = YES;
				GCC_PREFIX_HEADER = "Target Support Files/SwiftyJSON/SwiftyJSON-prefix.pch";
				INFOPLIST_FILE = "Target Support Files/SwiftyJSON/Info.plist";
				INSTALL_PATH = "$(LOCAL_LIBRARY_DIR)/Frameworks";
				IPHONEOS_DEPLOYMENT_TARGET = 8.0;
				LD_RUNPATH_SEARCH_PATHS = "$(inherited) @executable_path/Frameworks @loader_path/Frameworks";
				MODULEMAP_FILE = "Target Support Files/SwiftyJSON/SwiftyJSON.modulemap";
				MTL_ENABLE_DEBUG_INFO = YES;
				PRODUCT_NAME = SwiftyJSON;
				SDKROOT = iphoneos;
				SKIP_INSTALL = YES;
				SWIFT_ACTIVE_COMPILATION_CONDITIONS = DEBUG;
				SWIFT_OPTIMIZATION_LEVEL = "-Onone";
				SWIFT_VERSION = 3.0;
				TARGETED_DEVICE_FAMILY = "1,2";
				VERSIONING_SYSTEM = "apple-generic";
				VERSION_INFO_PREFIX = "";
			};
			name = Debug;
		};
		B3596AC583158DEB1A6AC16BD9962D92 /* Release */ = {
			isa = XCBuildConfiguration;
			baseConfigurationReference = A14D47DA34AD322DE60200B957F20583 /* AlamofireSwiftyJSON.xcconfig */;
			buildSettings = {
				CODE_SIGN_IDENTITY = "";
				"CODE_SIGN_IDENTITY[sdk=appletvos*]" = "";
				"CODE_SIGN_IDENTITY[sdk=iphoneos*]" = "";
				"CODE_SIGN_IDENTITY[sdk=watchos*]" = "";
				CURRENT_PROJECT_VERSION = 1;
				DEBUG_INFORMATION_FORMAT = "dwarf-with-dsym";
				DEFINES_MODULE = YES;
				DYLIB_COMPATIBILITY_VERSION = 1;
				DYLIB_CURRENT_VERSION = 1;
				DYLIB_INSTALL_NAME_BASE = "@rpath";
				ENABLE_STRICT_OBJC_MSGSEND = YES;
				GCC_NO_COMMON_BLOCKS = YES;
				GCC_PREFIX_HEADER = "Target Support Files/AlamofireSwiftyJSON/AlamofireSwiftyJSON-prefix.pch";
				INFOPLIST_FILE = "Target Support Files/AlamofireSwiftyJSON/Info.plist";
				INSTALL_PATH = "$(LOCAL_LIBRARY_DIR)/Frameworks";
				IPHONEOS_DEPLOYMENT_TARGET = 8.0;
				LD_RUNPATH_SEARCH_PATHS = "$(inherited) @executable_path/Frameworks @loader_path/Frameworks";
				MODULEMAP_FILE = "Target Support Files/AlamofireSwiftyJSON/AlamofireSwiftyJSON.modulemap";
				MTL_ENABLE_DEBUG_INFO = NO;
				PRODUCT_NAME = AlamofireSwiftyJSON;
				SDKROOT = iphoneos;
				SKIP_INSTALL = YES;
				SWIFT_OPTIMIZATION_LEVEL = "-Owholemodule";
				SWIFT_VERSION = 3.0;
				TARGETED_DEVICE_FAMILY = "1,2";
				VERSIONING_SYSTEM = "apple-generic";
				VERSION_INFO_PREFIX = "";
			};
			name = Release;
		};
		BF9A1F16B6828A6C79EC24685E3CA95E /* Release */ = {
			isa = XCBuildConfiguration;
			baseConfigurationReference = 72A705020E9247CD23BE46AD62A45F6D /* SwiftyJSON.xcconfig */;
			buildSettings = {
				CODE_SIGN_IDENTITY = "";
				"CODE_SIGN_IDENTITY[sdk=appletvos*]" = "";
				"CODE_SIGN_IDENTITY[sdk=iphoneos*]" = "";
				"CODE_SIGN_IDENTITY[sdk=watchos*]" = "";
				CURRENT_PROJECT_VERSION = 1;
				DEBUG_INFORMATION_FORMAT = "dwarf-with-dsym";
				DEFINES_MODULE = YES;
				DYLIB_COMPATIBILITY_VERSION = 1;
				DYLIB_CURRENT_VERSION = 1;
				DYLIB_INSTALL_NAME_BASE = "@rpath";
				ENABLE_STRICT_OBJC_MSGSEND = YES;
				GCC_NO_COMMON_BLOCKS = YES;
				GCC_PREFIX_HEADER = "Target Support Files/SwiftyJSON/SwiftyJSON-prefix.pch";
				INFOPLIST_FILE = "Target Support Files/SwiftyJSON/Info.plist";
				INSTALL_PATH = "$(LOCAL_LIBRARY_DIR)/Frameworks";
				IPHONEOS_DEPLOYMENT_TARGET = 8.0;
				LD_RUNPATH_SEARCH_PATHS = "$(inherited) @executable_path/Frameworks @loader_path/Frameworks";
				MODULEMAP_FILE = "Target Support Files/SwiftyJSON/SwiftyJSON.modulemap";
				MTL_ENABLE_DEBUG_INFO = NO;
				PRODUCT_NAME = SwiftyJSON;
				SDKROOT = iphoneos;
				SKIP_INSTALL = YES;
				SWIFT_OPTIMIZATION_LEVEL = "-Owholemodule";
				SWIFT_VERSION = 3.0;
				TARGETED_DEVICE_FAMILY = "1,2";
				VERSIONING_SYSTEM = "apple-generic";
				VERSION_INFO_PREFIX = "";
			};
			name = Release;
		};
		C9660A42FEDD040185578ADA021EC8E0 /* Debug */ = {
			isa = XCBuildConfiguration;
			baseConfigurationReference = 0F7AA3866A09727B23611738315C332F /* Alamofire.xcconfig */;
			buildSettings = {
				CODE_SIGN_IDENTITY = "";
				"CODE_SIGN_IDENTITY[sdk=appletvos*]" = "";
				"CODE_SIGN_IDENTITY[sdk=iphoneos*]" = "";
				"CODE_SIGN_IDENTITY[sdk=watchos*]" = "";
				CURRENT_PROJECT_VERSION = 1;
				DEBUG_INFORMATION_FORMAT = dwarf;
				DEFINES_MODULE = YES;
				DYLIB_COMPATIBILITY_VERSION = 1;
				DYLIB_CURRENT_VERSION = 1;
				DYLIB_INSTALL_NAME_BASE = "@rpath";
				ENABLE_STRICT_OBJC_MSGSEND = YES;
				GCC_NO_COMMON_BLOCKS = YES;
				GCC_PREFIX_HEADER = "Target Support Files/Alamofire/Alamofire-prefix.pch";
				INFOPLIST_FILE = "Target Support Files/Alamofire/Info.plist";
				INSTALL_PATH = "$(LOCAL_LIBRARY_DIR)/Frameworks";
				IPHONEOS_DEPLOYMENT_TARGET = 8.0;
				LD_RUNPATH_SEARCH_PATHS = "$(inherited) @executable_path/Frameworks @loader_path/Frameworks";
				MODULEMAP_FILE = "Target Support Files/Alamofire/Alamofire.modulemap";
				MTL_ENABLE_DEBUG_INFO = YES;
				PRODUCT_NAME = Alamofire;
				SDKROOT = iphoneos;
				SKIP_INSTALL = YES;
				SWIFT_ACTIVE_COMPILATION_CONDITIONS = DEBUG;
				SWIFT_OPTIMIZATION_LEVEL = "-Onone";
				SWIFT_VERSION = 3.0;
				TARGETED_DEVICE_FAMILY = "1,2";
				VERSIONING_SYSTEM = "apple-generic";
				VERSION_INFO_PREFIX = "";
			};
			name = Debug;
		};
/* End XCBuildConfiguration section */

/* Begin XCConfigurationList section */
		03A78A24C806FD2848698A41077385BD /* Build configuration list for PBXNativeTarget "Pods-TripDashboard" */ = {
			isa = XCConfigurationList;
			buildConfigurations = (
				2CD68D026C20DFEF94FC23FCEFD051CC /* Debug */,
				1426A3548063DF904E5E3E0775EF08CA /* Release */,
			);
			defaultConfigurationIsVisible = 0;
			defaultConfigurationName = Release;
		};
		2D8E8EC45A3A1A1D94AE762CB5028504 /* Build configuration list for PBXProject "Pods" */ = {
			isa = XCConfigurationList;
			buildConfigurations = (
				163D87BE96A63549B0EACF1CC31A2E90 /* Debug */,
				707B86CFB21B645E37109F39754D4051 /* Release */,
			);
			defaultConfigurationIsVisible = 0;
			defaultConfigurationName = Release;
		};
		419E5D95491847CD79841B971A8A3277 /* Build configuration list for PBXNativeTarget "Alamofire" */ = {
			isa = XCConfigurationList;
			buildConfigurations = (
				C9660A42FEDD040185578ADA021EC8E0 /* Debug */,
				7D072D0D174F12EAACC1862DA756E67A /* Release */,
			);
			defaultConfigurationIsVisible = 0;
			defaultConfigurationName = Release;
		};
		DCCE50C77ACBD367E99B830BA1F92670 /* Build configuration list for PBXNativeTarget "AlamofireSwiftyJSON" */ = {
			isa = XCConfigurationList;
			buildConfigurations = (
				119D21964B0290AB5AECA6AED0CB80FB /* Debug */,
				B3596AC583158DEB1A6AC16BD9962D92 /* Release */,
			);
			defaultConfigurationIsVisible = 0;
			defaultConfigurationName = Release;
		};
		EB8E706BCD309B61E67B4B6956F61DCA /* Build configuration list for PBXNativeTarget "SwiftyJSON" */ = {
			isa = XCConfigurationList;
			buildConfigurations = (
				A93673E1A66EC43179C61D48E72CD80E /* Debug */,
				BF9A1F16B6828A6C79EC24685E3CA95E /* Release */,
			);
			defaultConfigurationIsVisible = 0;
			defaultConfigurationName = Release;
		};
/* End XCConfigurationList section */
	};
	rootObject = D41D8CD98F00B204E9800998ECF8427E /* Project object */;
}
